// !$*UTF8*$!
{
	archiveVersion = 1;
	classes = {
	};
	objectVersion = 55;
	objects = {

/* Begin PBXBuildFile section */
		1122D9D42A3BB24200913E01 /* TicTacToeViewModel.swift in Sources */ = {isa = PBXBuildFile; fileRef = 1122D9D32A3BB24200913E01 /* TicTacToeViewModel.swift */; };
		D80A6FA22B87D404007B030B /* Fonts.generated.swift in Sources */ = {isa = PBXBuildFile; fileRef = D80A6FA12B87D404007B030B /* Fonts.generated.swift */; };
		D80A6FA52B87D88F007B030B /* SteperView.swift in Sources */ = {isa = PBXBuildFile; fileRef = D80A6FA42B87D88F007B030B /* SteperView.swift */; };
		D80A6FA72B87DC29007B030B /* GameControlBullCowView.swift in Sources */ = {isa = PBXBuildFile; fileRef = D80A6FA62B87DC29007B030B /* GameControlBullCowView.swift */; };
		D80A6FA92B87DDF7007B030B /* KeyboardBullCowView.swift in Sources */ = {isa = PBXBuildFile; fileRef = D80A6FA82B87DDF7007B030B /* KeyboardBullCowView.swift */; };
		D80FE4202B44A007008292BD /* Realm in Frameworks */ = {isa = PBXBuildFile; productRef = D80FE41F2B44A007008292BD /* Realm */; };
		D80FE4222B44A007008292BD /* RealmSwift in Frameworks */ = {isa = PBXBuildFile; productRef = D80FE4212B44A007008292BD /* RealmSwift */; };
		D80FE4252B44A151008292BD /* GoogleService-Info.plist in Resources */ = {isa = PBXBuildFile; fileRef = D80FE4242B44A151008292BD /* GoogleService-Info.plist */; };
		D81126372B906E9300651EAE /* CustomKeyboardView.swift in Sources */ = {isa = PBXBuildFile; fileRef = D81126362B906E9300651EAE /* CustomKeyboardView.swift */; };
		D81126392B9081C500651EAE /* SlovusGameView.swift in Sources */ = {isa = PBXBuildFile; fileRef = D81126382B9081C500651EAE /* SlovusGameView.swift */; };
		D81F8DD02AB4CCFD007A6597 /* FontsManager.swift in Sources */ = {isa = PBXBuildFile; fileRef = D81F8DCF2AB4CCFD007A6597 /* FontsManager.swift */; };
		D81F8DD22AB4CE79007A6597 /* IconsManager.swift in Sources */ = {isa = PBXBuildFile; fileRef = D81F8DD12AB4CE79007A6597 /* IconsManager.swift */; };
		D81F8DE72ABF1573007A6597 /* NumbersViewModel.swift in Sources */ = {isa = PBXBuildFile; fileRef = D81F8DE62ABF1573007A6597 /* NumbersViewModel.swift */; };
		D826CF0A2A10C69000263CEB /* AppDelegate.swift in Sources */ = {isa = PBXBuildFile; fileRef = D826CF092A10C69000263CEB /* AppDelegate.swift */; };
		D826CF0C2A10C69000263CEB /* SceneDelegate.swift in Sources */ = {isa = PBXBuildFile; fileRef = D826CF0B2A10C69000263CEB /* SceneDelegate.swift */; };
		D826CF162A10C69200263CEB /* LaunchScreen.storyboard in Resources */ = {isa = PBXBuildFile; fileRef = D826CF142A10C69200263CEB /* LaunchScreen.storyboard */; };
		D826CF1F2A10C6DA00263CEB /* Extension.swift in Sources */ = {isa = PBXBuildFile; fileRef = D826CF1E2A10C6DA00263CEB /* Extension.swift */; };
		D826CF272A10C7DA00263CEB /* MenuViewController.swift in Sources */ = {isa = PBXBuildFile; fileRef = D826CF252A10C7DA00263CEB /* MenuViewController.swift */; };
		D826CF2E2A10F84300263CEB /* Podfile in Resources */ = {isa = PBXBuildFile; fileRef = D826CF2D2A10F84300263CEB /* Podfile */; };
		D828F6192B87BCFB0056FEC4 /* swiftgen.yml in Resources */ = {isa = PBXBuildFile; fileRef = D828F6182B87BCFB0056FEC4 /* swiftgen.yml */; };
		D828F61E2B87BD420056FEC4 /* Assets.xcassets in Resources */ = {isa = PBXBuildFile; fileRef = D828F61D2B87BD420056FEC4 /* Assets.xcassets */; };
		D828F6202B87BEA10056FEC4 /* AssetConstants.generated.swift in Sources */ = {isa = PBXBuildFile; fileRef = D828F61F2B87BEA10056FEC4 /* AssetConstants.generated.swift */; };
		D829AC322A6D124900A38F6E /* .swiftlint.yml in Resources */ = {isa = PBXBuildFile; fileRef = D829AC312A6D124900A38F6E /* .swiftlint.yml */; };
		D829AC352A7D52B000A38F6E /* Backgroungs.swift in Sources */ = {isa = PBXBuildFile; fileRef = D829AC342A7D52B000A38F6E /* Backgroungs.swift */; };
		D829AC3A2A86747000A38F6E /* GamesModels.swift in Sources */ = {isa = PBXBuildFile; fileRef = D829AC392A86747000A38F6E /* GamesModels.swift */; };
		D83161962A1A583400087769 /* UserMistakeView.swift in Sources */ = {isa = PBXBuildFile; fileRef = D83161952A1A583400087769 /* UserMistakeView.swift */; };
		D83161982A1A584F00087769 /* UserMistakeView.xib in Resources */ = {isa = PBXBuildFile; fileRef = D83161972A1A584F00087769 /* UserMistakeView.xib */; };
		D831619B2A1B5A4600087769 /* ru_RU in Resources */ = {isa = PBXBuildFile; fileRef = D831619A2A1B5A4600087769 /* ru_RU */; };
		D844C5942B63FE87007F397A /* ChangeCountryView.swift in Sources */ = {isa = PBXBuildFile; fileRef = D844C5932B63FE87007F397A /* ChangeCountryView.swift */; };
		D84509282B03D6F900C3C2E7 /* UserStatisticsModel.swift in Sources */ = {isa = PBXBuildFile; fileRef = D84509272B03D6F900C3C2E7 /* UserStatisticsModel.swift */; };
		D845092D2B07C24900C3C2E7 /* UserDefaultsManager.swift in Sources */ = {isa = PBXBuildFile; fileRef = D845092C2B07C24900C3C2E7 /* UserDefaultsManager.swift */; };
		D848359B2A35B542008D2AB4 /* WhiteboardViewController.swift in Sources */ = {isa = PBXBuildFile; fileRef = D84835992A35B542008D2AB4 /* WhiteboardViewController.swift */; };
		D848359F2A35B78F008D2AB4 /* WhiteBoardModel.swift in Sources */ = {isa = PBXBuildFile; fileRef = D848359E2A35B78F008D2AB4 /* WhiteBoardModel.swift */; };
		D84835A22A35BA01008D2AB4 /* GameTableViewCell.swift in Sources */ = {isa = PBXBuildFile; fileRef = D84835A02A35BA01008D2AB4 /* GameTableViewCell.swift */; };
		D84835A32A35BA01008D2AB4 /* GameTableViewCell.xib in Resources */ = {isa = PBXBuildFile; fileRef = D84835A12A35BA01008D2AB4 /* GameTableViewCell.xib */; };
		D84835A62A35C88E008D2AB4 /* Realm in Frameworks */ = {isa = PBXBuildFile; productRef = D84835A52A35C88E008D2AB4 /* Realm */; };
		D84835A82A35C88E008D2AB4 /* RealmSwift in Frameworks */ = {isa = PBXBuildFile; productRef = D84835A72A35C88E008D2AB4 /* RealmSwift */; };
		D84835AD2A35CD5C008D2AB4 /* RealmManager.swift in Sources */ = {isa = PBXBuildFile; fileRef = D84835AC2A35CD5C008D2AB4 /* RealmManager.swift */; };
		D84888FC2B9C45C800C07F04 /* FloodFillGameView.swift in Sources */ = {isa = PBXBuildFile; fileRef = D84888FB2B9C45C800C07F04 /* FloodFillGameView.swift */; };
		D84888FE2B9C48B100C07F04 /* TopViewFloodFillGameView.swift in Sources */ = {isa = PBXBuildFile; fileRef = D84888FD2B9C48B100C07F04 /* TopViewFloodFillGameView.swift */; };
		D84889002B9C48DF00C07F04 /* GameControlFloodFillGameView.swift in Sources */ = {isa = PBXBuildFile; fileRef = D84888FF2B9C48DF00C07F04 /* GameControlFloodFillGameView.swift */; };
		D84889022B9C4F9F00C07F04 /* FloodFillFields.swift in Sources */ = {isa = PBXBuildFile; fileRef = D84889012B9C4F9F00C07F04 /* FloodFillFields.swift */; };
		D84BCA9F2AC7723A00967444 /* Localizable.strings in Resources */ = {isa = PBXBuildFile; fileRef = D84BCAA12AC7723A00967444 /* Localizable.strings */; };
		D84E51262B03645600CBA32F /* StatisticsModel.swift in Sources */ = {isa = PBXBuildFile; fileRef = D84E51252B03645600CBA32F /* StatisticsModel.swift */; };
		D852AC292BA06B3200F0A552 /* FieldNumbersGameView.swift in Sources */ = {isa = PBXBuildFile; fileRef = D852AC282BA06B3200F0A552 /* FieldNumbersGameView.swift */; };
		D85E210B2BAEB33700949AE7 /* SudokuViewGame.swift in Sources */ = {isa = PBXBuildFile; fileRef = D85E210A2BAEB33700949AE7 /* SudokuViewGame.swift */; };
		D85E210D2BAEBA7200949AE7 /* SudokuViewModel.swift in Sources */ = {isa = PBXBuildFile; fileRef = D85E210C2BAEBA7200949AE7 /* SudokuViewModel.swift */; };
		D85E210F2BAECC4C00949AE7 /* FieldSudokuViewGame.swift in Sources */ = {isa = PBXBuildFile; fileRef = D85E210E2BAECC4C00949AE7 /* FieldSudokuViewGame.swift */; };
		D86602682B45F93B001A913D /* ProfileViewController.swift in Sources */ = {isa = PBXBuildFile; fileRef = D8C11F2A2B033DD000EA28D6 /* ProfileViewController.swift */; };
		D86602762B49B752001A913D /* RatingViewController.swift in Sources */ = {isa = PBXBuildFile; fileRef = D86602752B49B752001A913D /* RatingViewController.swift */; };
		D866027A2B49C43D001A913D /* RatingTableView.swift in Sources */ = {isa = PBXBuildFile; fileRef = D86602792B49C43D001A913D /* RatingTableView.swift */; };
		D866027C2B49C49C001A913D /* RatingTableViewCell.swift in Sources */ = {isa = PBXBuildFile; fileRef = D866027B2B49C49C001A913D /* RatingTableViewCell.swift */; };
		D866027E2B4B2F72001A913D /* ProfileModel.swift in Sources */ = {isa = PBXBuildFile; fileRef = D866027D2B4B2F72001A913D /* ProfileModel.swift */; };
		D86602812B4C3C43001A913D /* EditUserView.swift in Sources */ = {isa = PBXBuildFile; fileRef = D86602802B4C3C43001A913D /* EditUserView.swift */; };
		D8662DB72B59816F00B54B06 /* CountryDropButton.swift in Sources */ = {isa = PBXBuildFile; fileRef = D8662DB62B59816F00B54B06 /* CountryDropButton.swift */; };
		D8662DBA2B59820C00B54B06 /* CountryManager.swift in Sources */ = {isa = PBXBuildFile; fileRef = D8662DB92B59820B00B54B06 /* CountryManager.swift */; };
		D8662DBC2B625F1300B54B06 /* EditUserDataView.swift in Sources */ = {isa = PBXBuildFile; fileRef = D8662DBB2B625F1300B54B06 /* EditUserDataView.swift */; };
		D86D0A742A23521A00AB6789 /* FloodFillViewModel.swift in Sources */ = {isa = PBXBuildFile; fileRef = D86D0A732A23521A00AB6789 /* FloodFillViewModel.swift */; };
		D86D0A792A28A62800AB6789 /* singular in Resources */ = {isa = PBXBuildFile; fileRef = D86D0A782A28A62800AB6789 /* singular */; };
		D86EA8562AD0786C00B8D961 /* ListGameCollectionViewCell.xib in Resources */ = {isa = PBXBuildFile; fileRef = D86EA8552AD0786C00B8D961 /* ListGameCollectionViewCell.xib */; };
		D86EADCA2AE549B400FB19B6 /* SF-Pro-Text-Heavy.otf in Resources */ = {isa = PBXBuildFile; fileRef = D86EADBE2AE549B300FB19B6 /* SF-Pro-Text-Heavy.otf */; };
		D86EADCB2AE549B400FB19B6 /* SF-Pro-Text-Light.otf in Resources */ = {isa = PBXBuildFile; fileRef = D86EADBF2AE549B400FB19B6 /* SF-Pro-Text-Light.otf */; };
		D86EADCC2AE549B400FB19B6 /* SF-Pro-Text-LightItalic.otf in Resources */ = {isa = PBXBuildFile; fileRef = D86EADC02AE549B400FB19B6 /* SF-Pro-Text-LightItalic.otf */; };
		D86EADCD2AE549B400FB19B6 /* SF-Pro-Text-BoldItalic.otf in Resources */ = {isa = PBXBuildFile; fileRef = D86EADC12AE549B400FB19B6 /* SF-Pro-Text-BoldItalic.otf */; };
		D86EADCE2AE549B400FB19B6 /* SF-Pro-Text-HeavyItalic.otf in Resources */ = {isa = PBXBuildFile; fileRef = D86EADC22AE549B400FB19B6 /* SF-Pro-Text-HeavyItalic.otf */; };
		D86EADCF2AE549B400FB19B6 /* SF-Pro-Text-Medium.otf in Resources */ = {isa = PBXBuildFile; fileRef = D86EADC32AE549B400FB19B6 /* SF-Pro-Text-Medium.otf */; };
		D86EADD02AE549B400FB19B6 /* SF-Pro-Text-Bold.otf in Resources */ = {isa = PBXBuildFile; fileRef = D86EADC42AE549B400FB19B6 /* SF-Pro-Text-Bold.otf */; };
		D86EADD12AE549B400FB19B6 /* SF-Pro-Text-Semibold.otf in Resources */ = {isa = PBXBuildFile; fileRef = D86EADC52AE549B400FB19B6 /* SF-Pro-Text-Semibold.otf */; };
		D86EADD22AE549B400FB19B6 /* SF-Pro-Text-SemiboldItalic.otf in Resources */ = {isa = PBXBuildFile; fileRef = D86EADC62AE549B400FB19B6 /* SF-Pro-Text-SemiboldItalic.otf */; };
		D86EADD32AE549B400FB19B6 /* SF-Pro-Text-MediumItalic.otf in Resources */ = {isa = PBXBuildFile; fileRef = D86EADC72AE549B400FB19B6 /* SF-Pro-Text-MediumItalic.otf */; };
		D86EADD42AE549B400FB19B6 /* SF-Pro-Text-Regular.otf in Resources */ = {isa = PBXBuildFile; fileRef = D86EADC82AE549B400FB19B6 /* SF-Pro-Text-Regular.otf */; };
		D86EADD52AE549B400FB19B6 /* SF-Pro-Text-RegularItalic.otf in Resources */ = {isa = PBXBuildFile; fileRef = D86EADC92AE549B400FB19B6 /* SF-Pro-Text-RegularItalic.otf */; };
		D86EADD72AE54D4100FB19B6 /* FontsExtension.swift in Sources */ = {isa = PBXBuildFile; fileRef = D86EADD62AE54D4100FB19B6 /* FontsExtension.swift */; };
		D8716B1D2B90C25000097B0A /* TopViewSlovusGameView.swift in Sources */ = {isa = PBXBuildFile; fileRef = D8716B1C2B90C25000097B0A /* TopViewSlovusGameView.swift */; };
		D8716B1F2B90C27300097B0A /* GameControlSlovusGameView.swift in Sources */ = {isa = PBXBuildFile; fileRef = D8716B1E2B90C27300097B0A /* GameControlSlovusGameView.swift */; };
		D878C9372B9DFC3A003D15B4 /* BinarioGameView.swift in Sources */ = {isa = PBXBuildFile; fileRef = D878C9362B9DFC3A003D15B4 /* BinarioGameView.swift */; };
		D878C9392B9DFDD6003D15B4 /* TopViewBinarioGameView.swift in Sources */ = {isa = PBXBuildFile; fileRef = D878C9382B9DFDD6003D15B4 /* TopViewBinarioGameView.swift */; };
		D878C93C2B9DFDF4003D15B4 /* GameControlBinarioGameView.swift in Sources */ = {isa = PBXBuildFile; fileRef = D878C93B2B9DFDF4003D15B4 /* GameControlBinarioGameView.swift */; };
		D878C93E2B9E2F21003D15B4 /* FieldBinarioGameView.swift in Sources */ = {isa = PBXBuildFile; fileRef = D878C93D2B9E2F21003D15B4 /* FieldBinarioGameView.swift */; };
		D878C9412B9E3C62003D15B4 /* ButtonsCheckClearBinarioGameView.swift in Sources */ = {isa = PBXBuildFile; fileRef = D878C9402B9E3C62003D15B4 /* ButtonsCheckClearBinarioGameView.swift */; };
		D88221612A12A83800531EED /* TimeManager.swift in Sources */ = {isa = PBXBuildFile; fileRef = D88221602A12A83800531EED /* TimeManager.swift */; };
		D88221682A16042B00531EED /* ListGamesViewController.swift in Sources */ = {isa = PBXBuildFile; fileRef = D88221662A16042B00531EED /* ListGamesViewController.swift */; };
		D882216F2A162DA700531EED /* SlovusViewModel.swift in Sources */ = {isa = PBXBuildFile; fileRef = D882216E2A162DA700531EED /* SlovusViewModel.swift */; };
		D884F7432A8CE26000271263 /* GameSettings.swift in Sources */ = {isa = PBXBuildFile; fileRef = D884F7422A8CE26000271263 /* GameSettings.swift */; };
		D884F7512A9E3E1700271263 /* GameRules.swift in Sources */ = {isa = PBXBuildFile; fileRef = D884F7502A9E3E1700271263 /* GameRules.swift */; };
		D88CD68F2B888DB2009171C9 /* BullCowGameView.swift in Sources */ = {isa = PBXBuildFile; fileRef = D88CD68E2B888DB2009171C9 /* BullCowGameView.swift */; };
		D88CD6912B8892CD009171C9 /* GuesHistoryStepsBullCowView.swift in Sources */ = {isa = PBXBuildFile; fileRef = D88CD6902B8892CD009171C9 /* GuesHistoryStepsBullCowView.swift */; };
		D8967AA52B89D08A0052E9A5 /* BullCowViewModelNew.swift in Sources */ = {isa = PBXBuildFile; fileRef = D8967AA42B89D08A0052E9A5 /* BullCowViewModelNew.swift */; };
		D898EFB32B73971800D10EA0 /* ChangeImageView.swift in Sources */ = {isa = PBXBuildFile; fileRef = D898EFB22B73971800D10EA0 /* ChangeImageView.swift */; };
		D89E15B12B9F6F2C003BE345 /* NumbersGameView.swift in Sources */ = {isa = PBXBuildFile; fileRef = D89E15B02B9F6F2C003BE345 /* NumbersGameView.swift */; };
		D89E15B32B9F7065003BE345 /* TopViewNumbersGameView.swift in Sources */ = {isa = PBXBuildFile; fileRef = D89E15B22B9F7065003BE345 /* TopViewNumbersGameView.swift */; };
		D89E15B52B9F70AF003BE345 /* GameControlNumbersGameView.swift in Sources */ = {isa = PBXBuildFile; fileRef = D89E15B42B9F70AF003BE345 /* GameControlNumbersGameView.swift */; };
		D8B108BD2B03AA9C00CD09A1 /* TaskTableView.swift in Sources */ = {isa = PBXBuildFile; fileRef = D8B108BC2B03AA9C00CD09A1 /* TaskTableView.swift */; };
		D8B108C02B03AB0800CD09A1 /* TaskTableViewCell.swift in Sources */ = {isa = PBXBuildFile; fileRef = D8B108BF2B03AB0800CD09A1 /* TaskTableViewCell.swift */; };
		D8B108C22B03AFA700CD09A1 /* TasksModel.swift in Sources */ = {isa = PBXBuildFile; fileRef = D8B108C12B03AFA700CD09A1 /* TasksModel.swift */; };
		D8B54D7A2B45DEA6008F2B46 /* FirebaseData.swift in Sources */ = {isa = PBXBuildFile; fileRef = D8B54D792B45DEA6008F2B46 /* FirebaseData.swift */; };
		D8B6C9EB2BA58CC30075B48F /* tapDown.mp3 in Resources */ = {isa = PBXBuildFile; fileRef = D8B6C9E92BA58CC30075B48F /* tapDown.mp3 */; };
		D8B6C9EC2BA58CC30075B48F /* tapUp.mp3 in Resources */ = {isa = PBXBuildFile; fileRef = D8B6C9EA2BA58CC30075B48F /* tapUp.mp3 */; };
		D8BB7B6B2B684BEE0034151C /* Preview.swift in Sources */ = {isa = PBXBuildFile; fileRef = D8BB7B6A2B684BEE0034151C /* Preview.swift */; };
		D8BB84742A51C46700166091 /* BinarioViewModel.swift in Sources */ = {isa = PBXBuildFile; fileRef = D8BB84732A51C46700166091 /* BinarioViewModel.swift */; };
		D8C11F282B029A1C00EA28D6 /* SettingsViewController.swift in Sources */ = {isa = PBXBuildFile; fileRef = D8C11F272B029A1C00EA28D6 /* SettingsViewController.swift */; };
		D8C11F2F2B0360DE00EA28D6 /* StatiscticsCollectionView.swift in Sources */ = {isa = PBXBuildFile; fileRef = D8C11F2E2B0360DE00EA28D6 /* StatiscticsCollectionView.swift */; };
		D8C11F312B03613A00EA28D6 /* StatisticsCollectionViewCell.swift in Sources */ = {isa = PBXBuildFile; fileRef = D8C11F302B03613A00EA28D6 /* StatisticsCollectionViewCell.swift */; };
		D8C167AD2A1DF19D00FC887D /* CurrentRulesViewController.swift in Sources */ = {isa = PBXBuildFile; fileRef = D8C167AB2A1DF19D00FC887D /* CurrentRulesViewController.swift */; };
		D8D611592B45D9D800962A52 /* Realm in Frameworks */ = {isa = PBXBuildFile; productRef = D8D611582B45D9D800962A52 /* Realm */; };
		D8D6115B2B45D9D800962A52 /* RealmSwift in Frameworks */ = {isa = PBXBuildFile; productRef = D8D6115A2B45D9D800962A52 /* RealmSwift */; };
		D8D788412A3F57A50013FECC /* ListGameCollectionViewCell.swift in Sources */ = {isa = PBXBuildFile; fileRef = D8D7883F2A3F57A50013FECC /* ListGameCollectionViewCell.swift */; };
		D8D7884D2A4B49E80013FECC /* BullCowModel.swift in Sources */ = {isa = PBXBuildFile; fileRef = D8D7884C2A4B49E80013FECC /* BullCowModel.swift */; };
		D8E321212B028EBC00674541 /* CustomTabBarController.swift in Sources */ = {isa = PBXBuildFile; fileRef = D8E321202B028EBC00674541 /* CustomTabBarController.swift */; };
		D8E807252B088F2D00D69D67 /* CheckTaskManager.swift in Sources */ = {isa = PBXBuildFile; fileRef = D8E807242B088F2D00D69D67 /* CheckTaskManager.swift */; };
		D8E807292B11EAEB00D69D67 /* RulesViewController.swift in Sources */ = {isa = PBXBuildFile; fileRef = D8E807282B11EAEB00D69D67 /* RulesViewController.swift */; };
		D8E8072B2B12286100D69D67 /* DropToDownButton.swift in Sources */ = {isa = PBXBuildFile; fileRef = D8E8072A2B12286100D69D67 /* DropToDownButton.swift */; };
		D8F1C54A2AE83D6E00CF365B /* FontAdaptation.swift in Sources */ = {isa = PBXBuildFile; fileRef = D8F1C5492AE83D6E00CF365B /* FontAdaptation.swift */; };
		D8F787FF2B99F9B200C3AD9E /* TicTacToeViewGame.swift in Sources */ = {isa = PBXBuildFile; fileRef = D8F787FE2B99F9B200C3AD9E /* TicTacToeViewGame.swift */; };
		D8F788012B99FC8100C3AD9E /* TopViewTicTacToeGameView.swift in Sources */ = {isa = PBXBuildFile; fileRef = D8F788002B99FC8100C3AD9E /* TopViewTicTacToeGameView.swift */; };
		D8F788042B99FD8000C3AD9E /* GameControlTicTacToeGameView.swift in Sources */ = {isa = PBXBuildFile; fileRef = D8F788032B99FD8000C3AD9E /* GameControlTicTacToeGameView.swift */; };
		D8F788062B9A482E00C3AD9E /* TicTacToeGameFieldsView.swift in Sources */ = {isa = PBXBuildFile; fileRef = D8F788052B9A482E00C3AD9E /* TicTacToeGameFieldsView.swift */; };
		FBA0034C68F638FF75748FAE /* Pods_MindMarathon.framework in Frameworks */ = {isa = PBXBuildFile; fileRef = 96A5753E36701F64F9FFCB37 /* Pods_MindMarathon.framework */; };
/* End PBXBuildFile section */

/* Begin PBXFileReference section */
		1122D9D32A3BB24200913E01 /* TicTacToeViewModel.swift */ = {isa = PBXFileReference; lastKnownFileType = sourcecode.swift; path = TicTacToeViewModel.swift; sourceTree = "<group>"; };
		96A5753E36701F64F9FFCB37 /* Pods_MindMarathon.framework */ = {isa = PBXFileReference; explicitFileType = wrapper.framework; includeInIndex = 0; path = Pods_MindMarathon.framework; sourceTree = BUILT_PRODUCTS_DIR; };
		D798D70845B9EB03F4FB1064 /* Pods-MindMarathon.debug.xcconfig */ = {isa = PBXFileReference; includeInIndex = 1; lastKnownFileType = text.xcconfig; name = "Pods-MindMarathon.debug.xcconfig"; path = "Target Support Files/Pods-MindMarathon/Pods-MindMarathon.debug.xcconfig"; sourceTree = "<group>"; };
		D80A6FA12B87D404007B030B /* Fonts.generated.swift */ = {isa = PBXFileReference; fileEncoding = 4; lastKnownFileType = sourcecode.swift; path = Fonts.generated.swift; sourceTree = "<group>"; };
		D80A6FA42B87D88F007B030B /* SteperView.swift */ = {isa = PBXFileReference; lastKnownFileType = sourcecode.swift; path = SteperView.swift; sourceTree = "<group>"; };
		D80A6FA62B87DC29007B030B /* GameControlBullCowView.swift */ = {isa = PBXFileReference; lastKnownFileType = sourcecode.swift; path = GameControlBullCowView.swift; sourceTree = "<group>"; };
		D80A6FA82B87DDF7007B030B /* KeyboardBullCowView.swift */ = {isa = PBXFileReference; lastKnownFileType = sourcecode.swift; path = KeyboardBullCowView.swift; sourceTree = "<group>"; };
		D80FE4242B44A151008292BD /* GoogleService-Info.plist */ = {isa = PBXFileReference; fileEncoding = 4; lastKnownFileType = text.plist.xml; name = "GoogleService-Info.plist"; path = "../../Downloads/GoogleService-Info.plist"; sourceTree = "<group>"; };
		D81126362B906E9300651EAE /* CustomKeyboardView.swift */ = {isa = PBXFileReference; lastKnownFileType = sourcecode.swift; path = CustomKeyboardView.swift; sourceTree = "<group>"; };
		D81126382B9081C500651EAE /* SlovusGameView.swift */ = {isa = PBXFileReference; lastKnownFileType = sourcecode.swift; path = SlovusGameView.swift; sourceTree = "<group>"; };
		D81F8DCF2AB4CCFD007A6597 /* FontsManager.swift */ = {isa = PBXFileReference; lastKnownFileType = sourcecode.swift; path = FontsManager.swift; sourceTree = "<group>"; };
		D81F8DD12AB4CE79007A6597 /* IconsManager.swift */ = {isa = PBXFileReference; lastKnownFileType = sourcecode.swift; path = IconsManager.swift; sourceTree = "<group>"; };
		D81F8DE62ABF1573007A6597 /* NumbersViewModel.swift */ = {isa = PBXFileReference; lastKnownFileType = sourcecode.swift; path = NumbersViewModel.swift; sourceTree = "<group>"; };
		D826CF062A10C69000263CEB /* MindMarathon.app */ = {isa = PBXFileReference; explicitFileType = wrapper.application; includeInIndex = 0; path = MindMarathon.app; sourceTree = BUILT_PRODUCTS_DIR; };
		D826CF092A10C69000263CEB /* AppDelegate.swift */ = {isa = PBXFileReference; lastKnownFileType = sourcecode.swift; path = AppDelegate.swift; sourceTree = "<group>"; };
		D826CF0B2A10C69000263CEB /* SceneDelegate.swift */ = {isa = PBXFileReference; lastKnownFileType = sourcecode.swift; path = SceneDelegate.swift; sourceTree = "<group>"; };
		D826CF152A10C69200263CEB /* Base */ = {isa = PBXFileReference; lastKnownFileType = file.storyboard; name = Base; path = Base.lproj/LaunchScreen.storyboard; sourceTree = "<group>"; };
		D826CF172A10C69200263CEB /* Info.plist */ = {isa = PBXFileReference; lastKnownFileType = text.plist.xml; path = Info.plist; sourceTree = "<group>"; };
		D826CF1E2A10C6DA00263CEB /* Extension.swift */ = {isa = PBXFileReference; lastKnownFileType = sourcecode.swift; path = Extension.swift; sourceTree = "<group>"; };
		D826CF252A10C7DA00263CEB /* MenuViewController.swift */ = {isa = PBXFileReference; lastKnownFileType = sourcecode.swift; path = MenuViewController.swift; sourceTree = "<group>"; };
		D826CF2D2A10F84300263CEB /* Podfile */ = {isa = PBXFileReference; lastKnownFileType = text; path = Podfile; sourceTree = "<group>"; xcLanguageSpecificationIdentifier = xcode.lang.ruby; };
		D828F6182B87BCFB0056FEC4 /* swiftgen.yml */ = {isa = PBXFileReference; fileEncoding = 4; lastKnownFileType = text.yaml; path = swiftgen.yml; sourceTree = "<group>"; };
		D828F61D2B87BD420056FEC4 /* Assets.xcassets */ = {isa = PBXFileReference; lastKnownFileType = folder.assetcatalog; path = Assets.xcassets; sourceTree = "<group>"; };
		D828F61F2B87BEA10056FEC4 /* AssetConstants.generated.swift */ = {isa = PBXFileReference; fileEncoding = 4; lastKnownFileType = sourcecode.swift; path = AssetConstants.generated.swift; sourceTree = "<group>"; };
		D829AC312A6D124900A38F6E /* .swiftlint.yml */ = {isa = PBXFileReference; lastKnownFileType = text.yaml; path = .swiftlint.yml; sourceTree = "<group>"; };
		D829AC342A7D52B000A38F6E /* Backgroungs.swift */ = {isa = PBXFileReference; lastKnownFileType = sourcecode.swift; path = Backgroungs.swift; sourceTree = "<group>"; };
		D829AC392A86747000A38F6E /* GamesModels.swift */ = {isa = PBXFileReference; lastKnownFileType = sourcecode.swift; path = GamesModels.swift; sourceTree = "<group>"; };
		D83161952A1A583400087769 /* UserMistakeView.swift */ = {isa = PBXFileReference; lastKnownFileType = sourcecode.swift; path = UserMistakeView.swift; sourceTree = "<group>"; };
		D83161972A1A584F00087769 /* UserMistakeView.xib */ = {isa = PBXFileReference; lastKnownFileType = file.xib; path = UserMistakeView.xib; sourceTree = "<group>"; };
		D831619A2A1B5A4600087769 /* ru_RU */ = {isa = PBXFileReference; fileEncoding = 4; lastKnownFileType = text; path = ru_RU; sourceTree = "<group>"; };
		D844C5932B63FE87007F397A /* ChangeCountryView.swift */ = {isa = PBXFileReference; lastKnownFileType = sourcecode.swift; path = ChangeCountryView.swift; sourceTree = "<group>"; };
		D84509272B03D6F900C3C2E7 /* UserStatisticsModel.swift */ = {isa = PBXFileReference; lastKnownFileType = sourcecode.swift; path = UserStatisticsModel.swift; sourceTree = "<group>"; };
		D845092C2B07C24900C3C2E7 /* UserDefaultsManager.swift */ = {isa = PBXFileReference; lastKnownFileType = sourcecode.swift; path = UserDefaultsManager.swift; sourceTree = "<group>"; };
		D84835992A35B542008D2AB4 /* WhiteboardViewController.swift */ = {isa = PBXFileReference; lastKnownFileType = sourcecode.swift; path = WhiteboardViewController.swift; sourceTree = "<group>"; };
		D848359E2A35B78F008D2AB4 /* WhiteBoardModel.swift */ = {isa = PBXFileReference; lastKnownFileType = sourcecode.swift; path = WhiteBoardModel.swift; sourceTree = "<group>"; };
		D84835A02A35BA01008D2AB4 /* GameTableViewCell.swift */ = {isa = PBXFileReference; lastKnownFileType = sourcecode.swift; path = GameTableViewCell.swift; sourceTree = "<group>"; };
		D84835A12A35BA01008D2AB4 /* GameTableViewCell.xib */ = {isa = PBXFileReference; lastKnownFileType = file.xib; path = GameTableViewCell.xib; sourceTree = "<group>"; };
		D84835AC2A35CD5C008D2AB4 /* RealmManager.swift */ = {isa = PBXFileReference; lastKnownFileType = sourcecode.swift; path = RealmManager.swift; sourceTree = "<group>"; };
		D84888FB2B9C45C800C07F04 /* FloodFillGameView.swift */ = {isa = PBXFileReference; lastKnownFileType = sourcecode.swift; path = FloodFillGameView.swift; sourceTree = "<group>"; };
		D84888FD2B9C48B100C07F04 /* TopViewFloodFillGameView.swift */ = {isa = PBXFileReference; lastKnownFileType = sourcecode.swift; path = TopViewFloodFillGameView.swift; sourceTree = "<group>"; };
		D84888FF2B9C48DF00C07F04 /* GameControlFloodFillGameView.swift */ = {isa = PBXFileReference; lastKnownFileType = sourcecode.swift; path = GameControlFloodFillGameView.swift; sourceTree = "<group>"; };
		D84889012B9C4F9F00C07F04 /* FloodFillFields.swift */ = {isa = PBXFileReference; lastKnownFileType = sourcecode.swift; path = FloodFillFields.swift; sourceTree = "<group>"; };
		D84BCAA22AC772E600967444 /* ru */ = {isa = PBXFileReference; lastKnownFileType = text.plist.strings; name = ru; path = ru.lproj/LaunchScreen.strings; sourceTree = "<group>"; };
		D84BCAA32AC772E600967444 /* ru */ = {isa = PBXFileReference; lastKnownFileType = text.plist.strings; name = ru; path = ru.lproj/Localizable.strings; sourceTree = "<group>"; };
		D84BCAA42AC7736900967444 /* en */ = {isa = PBXFileReference; lastKnownFileType = text.plist.strings; name = en; path = en.lproj/Localizable.strings; sourceTree = "<group>"; };
		D84E51252B03645600CBA32F /* StatisticsModel.swift */ = {isa = PBXFileReference; lastKnownFileType = sourcecode.swift; path = StatisticsModel.swift; sourceTree = "<group>"; };
		D852AC282BA06B3200F0A552 /* FieldNumbersGameView.swift */ = {isa = PBXFileReference; lastKnownFileType = sourcecode.swift; path = FieldNumbersGameView.swift; sourceTree = "<group>"; };
		D85E210A2BAEB33700949AE7 /* SudokuViewGame.swift */ = {isa = PBXFileReference; lastKnownFileType = sourcecode.swift; path = SudokuViewGame.swift; sourceTree = "<group>"; };
		D85E210C2BAEBA7200949AE7 /* SudokuViewModel.swift */ = {isa = PBXFileReference; lastKnownFileType = sourcecode.swift; path = SudokuViewModel.swift; sourceTree = "<group>"; };
		D85E210E2BAECC4C00949AE7 /* FieldSudokuViewGame.swift */ = {isa = PBXFileReference; lastKnownFileType = sourcecode.swift; path = FieldSudokuViewGame.swift; sourceTree = "<group>"; };
		D86602752B49B752001A913D /* RatingViewController.swift */ = {isa = PBXFileReference; lastKnownFileType = sourcecode.swift; path = RatingViewController.swift; sourceTree = "<group>"; };
		D86602792B49C43D001A913D /* RatingTableView.swift */ = {isa = PBXFileReference; lastKnownFileType = sourcecode.swift; path = RatingTableView.swift; sourceTree = "<group>"; };
		D866027B2B49C49C001A913D /* RatingTableViewCell.swift */ = {isa = PBXFileReference; lastKnownFileType = sourcecode.swift; path = RatingTableViewCell.swift; sourceTree = "<group>"; };
		D866027D2B4B2F72001A913D /* ProfileModel.swift */ = {isa = PBXFileReference; lastKnownFileType = sourcecode.swift; path = ProfileModel.swift; sourceTree = "<group>"; };
		D86602802B4C3C43001A913D /* EditUserView.swift */ = {isa = PBXFileReference; lastKnownFileType = sourcecode.swift; path = EditUserView.swift; sourceTree = "<group>"; };
		D8662DB62B59816F00B54B06 /* CountryDropButton.swift */ = {isa = PBXFileReference; lastKnownFileType = sourcecode.swift; path = CountryDropButton.swift; sourceTree = "<group>"; };
		D8662DB92B59820B00B54B06 /* CountryManager.swift */ = {isa = PBXFileReference; lastKnownFileType = sourcecode.swift; path = CountryManager.swift; sourceTree = "<group>"; };
		D8662DBB2B625F1300B54B06 /* EditUserDataView.swift */ = {isa = PBXFileReference; lastKnownFileType = sourcecode.swift; path = EditUserDataView.swift; sourceTree = "<group>"; };
		D86D0A732A23521A00AB6789 /* FloodFillViewModel.swift */ = {isa = PBXFileReference; lastKnownFileType = sourcecode.swift; path = FloodFillViewModel.swift; sourceTree = "<group>"; };
		D86D0A782A28A62800AB6789 /* singular */ = {isa = PBXFileReference; fileEncoding = 4; lastKnownFileType = text; path = singular; sourceTree = "<group>"; };
		D86EA8552AD0786C00B8D961 /* ListGameCollectionViewCell.xib */ = {isa = PBXFileReference; lastKnownFileType = file.xib; path = ListGameCollectionViewCell.xib; sourceTree = "<group>"; };
		D86EADBE2AE549B300FB19B6 /* SF-Pro-Text-Heavy.otf */ = {isa = PBXFileReference; lastKnownFileType = file; path = "SF-Pro-Text-Heavy.otf"; sourceTree = "<group>"; };
		D86EADBF2AE549B400FB19B6 /* SF-Pro-Text-Light.otf */ = {isa = PBXFileReference; lastKnownFileType = file; path = "SF-Pro-Text-Light.otf"; sourceTree = "<group>"; };
		D86EADC02AE549B400FB19B6 /* SF-Pro-Text-LightItalic.otf */ = {isa = PBXFileReference; lastKnownFileType = file; path = "SF-Pro-Text-LightItalic.otf"; sourceTree = "<group>"; };
		D86EADC12AE549B400FB19B6 /* SF-Pro-Text-BoldItalic.otf */ = {isa = PBXFileReference; lastKnownFileType = file; path = "SF-Pro-Text-BoldItalic.otf"; sourceTree = "<group>"; };
		D86EADC22AE549B400FB19B6 /* SF-Pro-Text-HeavyItalic.otf */ = {isa = PBXFileReference; lastKnownFileType = file; path = "SF-Pro-Text-HeavyItalic.otf"; sourceTree = "<group>"; };
		D86EADC32AE549B400FB19B6 /* SF-Pro-Text-Medium.otf */ = {isa = PBXFileReference; lastKnownFileType = file; path = "SF-Pro-Text-Medium.otf"; sourceTree = "<group>"; };
		D86EADC42AE549B400FB19B6 /* SF-Pro-Text-Bold.otf */ = {isa = PBXFileReference; lastKnownFileType = file; path = "SF-Pro-Text-Bold.otf"; sourceTree = "<group>"; };
		D86EADC52AE549B400FB19B6 /* SF-Pro-Text-Semibold.otf */ = {isa = PBXFileReference; lastKnownFileType = file; path = "SF-Pro-Text-Semibold.otf"; sourceTree = "<group>"; };
		D86EADC62AE549B400FB19B6 /* SF-Pro-Text-SemiboldItalic.otf */ = {isa = PBXFileReference; lastKnownFileType = file; path = "SF-Pro-Text-SemiboldItalic.otf"; sourceTree = "<group>"; };
		D86EADC72AE549B400FB19B6 /* SF-Pro-Text-MediumItalic.otf */ = {isa = PBXFileReference; lastKnownFileType = file; path = "SF-Pro-Text-MediumItalic.otf"; sourceTree = "<group>"; };
		D86EADC82AE549B400FB19B6 /* SF-Pro-Text-Regular.otf */ = {isa = PBXFileReference; lastKnownFileType = file; path = "SF-Pro-Text-Regular.otf"; sourceTree = "<group>"; };
		D86EADC92AE549B400FB19B6 /* SF-Pro-Text-RegularItalic.otf */ = {isa = PBXFileReference; lastKnownFileType = file; path = "SF-Pro-Text-RegularItalic.otf"; sourceTree = "<group>"; };
		D86EADD62AE54D4100FB19B6 /* FontsExtension.swift */ = {isa = PBXFileReference; lastKnownFileType = sourcecode.swift; path = FontsExtension.swift; sourceTree = "<group>"; };
		D8716B1C2B90C25000097B0A /* TopViewSlovusGameView.swift */ = {isa = PBXFileReference; lastKnownFileType = sourcecode.swift; path = TopViewSlovusGameView.swift; sourceTree = "<group>"; };
		D8716B1E2B90C27300097B0A /* GameControlSlovusGameView.swift */ = {isa = PBXFileReference; lastKnownFileType = sourcecode.swift; path = GameControlSlovusGameView.swift; sourceTree = "<group>"; };
		D878C9362B9DFC3A003D15B4 /* BinarioGameView.swift */ = {isa = PBXFileReference; lastKnownFileType = sourcecode.swift; path = BinarioGameView.swift; sourceTree = "<group>"; };
		D878C9382B9DFDD6003D15B4 /* TopViewBinarioGameView.swift */ = {isa = PBXFileReference; lastKnownFileType = sourcecode.swift; path = TopViewBinarioGameView.swift; sourceTree = "<group>"; };
		D878C93B2B9DFDF4003D15B4 /* GameControlBinarioGameView.swift */ = {isa = PBXFileReference; lastKnownFileType = sourcecode.swift; path = GameControlBinarioGameView.swift; sourceTree = "<group>"; };
		D878C93D2B9E2F21003D15B4 /* FieldBinarioGameView.swift */ = {isa = PBXFileReference; lastKnownFileType = sourcecode.swift; path = FieldBinarioGameView.swift; sourceTree = "<group>"; };
		D878C9402B9E3C62003D15B4 /* ButtonsCheckClearBinarioGameView.swift */ = {isa = PBXFileReference; lastKnownFileType = sourcecode.swift; path = ButtonsCheckClearBinarioGameView.swift; sourceTree = "<group>"; };
		D88221602A12A83800531EED /* TimeManager.swift */ = {isa = PBXFileReference; lastKnownFileType = sourcecode.swift; path = TimeManager.swift; sourceTree = "<group>"; };
		D88221662A16042B00531EED /* ListGamesViewController.swift */ = {isa = PBXFileReference; lastKnownFileType = sourcecode.swift; path = ListGamesViewController.swift; sourceTree = "<group>"; usesTabs = 0; };
		D882216E2A162DA700531EED /* SlovusViewModel.swift */ = {isa = PBXFileReference; lastKnownFileType = sourcecode.swift; path = SlovusViewModel.swift; sourceTree = "<group>"; };
		D884F7422A8CE26000271263 /* GameSettings.swift */ = {isa = PBXFileReference; lastKnownFileType = sourcecode.swift; path = GameSettings.swift; sourceTree = "<group>"; };
		D884F7502A9E3E1700271263 /* GameRules.swift */ = {isa = PBXFileReference; fileEncoding = 4; lastKnownFileType = sourcecode.swift; path = GameRules.swift; sourceTree = "<group>"; };
		D88CD68E2B888DB2009171C9 /* BullCowGameView.swift */ = {isa = PBXFileReference; lastKnownFileType = sourcecode.swift; path = BullCowGameView.swift; sourceTree = "<group>"; };
		D88CD6902B8892CD009171C9 /* GuesHistoryStepsBullCowView.swift */ = {isa = PBXFileReference; lastKnownFileType = sourcecode.swift; path = GuesHistoryStepsBullCowView.swift; sourceTree = "<group>"; };
		D8967AA42B89D08A0052E9A5 /* BullCowViewModelNew.swift */ = {isa = PBXFileReference; lastKnownFileType = sourcecode.swift; path = BullCowViewModelNew.swift; sourceTree = "<group>"; };
		D898EFB22B73971800D10EA0 /* ChangeImageView.swift */ = {isa = PBXFileReference; lastKnownFileType = sourcecode.swift; path = ChangeImageView.swift; sourceTree = "<group>"; };
		D89E15B02B9F6F2C003BE345 /* NumbersGameView.swift */ = {isa = PBXFileReference; lastKnownFileType = sourcecode.swift; path = NumbersGameView.swift; sourceTree = "<group>"; };
		D89E15B22B9F7065003BE345 /* TopViewNumbersGameView.swift */ = {isa = PBXFileReference; lastKnownFileType = sourcecode.swift; path = TopViewNumbersGameView.swift; sourceTree = "<group>"; };
		D89E15B42B9F70AF003BE345 /* GameControlNumbersGameView.swift */ = {isa = PBXFileReference; lastKnownFileType = sourcecode.swift; path = GameControlNumbersGameView.swift; sourceTree = "<group>"; };
		D8B108BC2B03AA9C00CD09A1 /* TaskTableView.swift */ = {isa = PBXFileReference; fileEncoding = 4; lastKnownFileType = sourcecode.swift; path = TaskTableView.swift; sourceTree = "<group>"; };
		D8B108BF2B03AB0800CD09A1 /* TaskTableViewCell.swift */ = {isa = PBXFileReference; fileEncoding = 4; lastKnownFileType = sourcecode.swift; path = TaskTableViewCell.swift; sourceTree = "<group>"; };
		D8B108C12B03AFA700CD09A1 /* TasksModel.swift */ = {isa = PBXFileReference; lastKnownFileType = sourcecode.swift; path = TasksModel.swift; sourceTree = "<group>"; };
		D8B54D792B45DEA6008F2B46 /* FirebaseData.swift */ = {isa = PBXFileReference; fileEncoding = 4; lastKnownFileType = sourcecode.swift; path = FirebaseData.swift; sourceTree = "<group>"; };
		D8B6C9E92BA58CC30075B48F /* tapDown.mp3 */ = {isa = PBXFileReference; lastKnownFileType = audio.mp3; path = tapDown.mp3; sourceTree = "<group>"; };
		D8B6C9EA2BA58CC30075B48F /* tapUp.mp3 */ = {isa = PBXFileReference; lastKnownFileType = audio.mp3; path = tapUp.mp3; sourceTree = "<group>"; };
		D8BB7B6A2B684BEE0034151C /* Preview.swift */ = {isa = PBXFileReference; fileEncoding = 4; lastKnownFileType = sourcecode.swift; path = Preview.swift; sourceTree = "<group>"; };
		D8BB84732A51C46700166091 /* BinarioViewModel.swift */ = {isa = PBXFileReference; lastKnownFileType = sourcecode.swift; path = BinarioViewModel.swift; sourceTree = "<group>"; };
		D8C11F272B029A1C00EA28D6 /* SettingsViewController.swift */ = {isa = PBXFileReference; lastKnownFileType = sourcecode.swift; path = SettingsViewController.swift; sourceTree = "<group>"; };
		D8C11F2A2B033DD000EA28D6 /* ProfileViewController.swift */ = {isa = PBXFileReference; fileEncoding = 4; lastKnownFileType = sourcecode.swift; path = ProfileViewController.swift; sourceTree = "<group>"; };
		D8C11F2E2B0360DE00EA28D6 /* StatiscticsCollectionView.swift */ = {isa = PBXFileReference; lastKnownFileType = sourcecode.swift; path = StatiscticsCollectionView.swift; sourceTree = "<group>"; };
		D8C11F302B03613A00EA28D6 /* StatisticsCollectionViewCell.swift */ = {isa = PBXFileReference; lastKnownFileType = sourcecode.swift; path = StatisticsCollectionViewCell.swift; sourceTree = "<group>"; };
		D8C167AB2A1DF19D00FC887D /* CurrentRulesViewController.swift */ = {isa = PBXFileReference; lastKnownFileType = sourcecode.swift; path = CurrentRulesViewController.swift; sourceTree = "<group>"; };
		D8D7883F2A3F57A50013FECC /* ListGameCollectionViewCell.swift */ = {isa = PBXFileReference; lastKnownFileType = sourcecode.swift; path = ListGameCollectionViewCell.swift; sourceTree = "<group>"; };
		D8D7884C2A4B49E80013FECC /* BullCowModel.swift */ = {isa = PBXFileReference; lastKnownFileType = sourcecode.swift; path = BullCowModel.swift; sourceTree = "<group>"; };
		D8E321202B028EBC00674541 /* CustomTabBarController.swift */ = {isa = PBXFileReference; lastKnownFileType = sourcecode.swift; path = CustomTabBarController.swift; sourceTree = "<group>"; };
		D8E807242B088F2D00D69D67 /* CheckTaskManager.swift */ = {isa = PBXFileReference; lastKnownFileType = sourcecode.swift; path = CheckTaskManager.swift; sourceTree = "<group>"; };
		D8E807282B11EAEB00D69D67 /* RulesViewController.swift */ = {isa = PBXFileReference; lastKnownFileType = sourcecode.swift; path = RulesViewController.swift; sourceTree = "<group>"; };
		D8E8072A2B12286100D69D67 /* DropToDownButton.swift */ = {isa = PBXFileReference; lastKnownFileType = sourcecode.swift; path = DropToDownButton.swift; sourceTree = "<group>"; };
		D8F1C5492AE83D6E00CF365B /* FontAdaptation.swift */ = {isa = PBXFileReference; lastKnownFileType = sourcecode.swift; path = FontAdaptation.swift; sourceTree = "<group>"; };
		D8F787FE2B99F9B200C3AD9E /* TicTacToeViewGame.swift */ = {isa = PBXFileReference; lastKnownFileType = sourcecode.swift; path = TicTacToeViewGame.swift; sourceTree = "<group>"; };
		D8F788002B99FC8100C3AD9E /* TopViewTicTacToeGameView.swift */ = {isa = PBXFileReference; lastKnownFileType = sourcecode.swift; path = TopViewTicTacToeGameView.swift; sourceTree = "<group>"; };
		D8F788032B99FD8000C3AD9E /* GameControlTicTacToeGameView.swift */ = {isa = PBXFileReference; lastKnownFileType = sourcecode.swift; path = GameControlTicTacToeGameView.swift; sourceTree = "<group>"; };
		D8F788052B9A482E00C3AD9E /* TicTacToeGameFieldsView.swift */ = {isa = PBXFileReference; lastKnownFileType = sourcecode.swift; path = TicTacToeGameFieldsView.swift; sourceTree = "<group>"; };
		F4ED023B005D71A12915380D /* Pods-MindMarathon.release.xcconfig */ = {isa = PBXFileReference; includeInIndex = 1; lastKnownFileType = text.xcconfig; name = "Pods-MindMarathon.release.xcconfig"; path = "Target Support Files/Pods-MindMarathon/Pods-MindMarathon.release.xcconfig"; sourceTree = "<group>"; };
/* End PBXFileReference section */

/* Begin PBXFrameworksBuildPhase section */
		D826CF032A10C69000263CEB /* Frameworks */ = {
			isa = PBXFrameworksBuildPhase;
			buildActionMask = 2147483647;
			files = (
				D8D611592B45D9D800962A52 /* Realm in Frameworks */,
				D84835A82A35C88E008D2AB4 /* RealmSwift in Frameworks */,
				D8D6115B2B45D9D800962A52 /* RealmSwift in Frameworks */,
				D84835A62A35C88E008D2AB4 /* Realm in Frameworks */,
				D80FE4202B44A007008292BD /* Realm in Frameworks */,
				D80FE4222B44A007008292BD /* RealmSwift in Frameworks */,
				FBA0034C68F638FF75748FAE /* Pods_MindMarathon.framework in Frameworks */,
			);
			runOnlyForDeploymentPostprocessing = 0;
		};
/* End PBXFrameworksBuildPhase section */

/* Begin PBXGroup section */
		85A08474662A9AD57EA6C5D7 /* Pods */ = {
			isa = PBXGroup;
			children = (
				D798D70845B9EB03F4FB1064 /* Pods-MindMarathon.debug.xcconfig */,
				F4ED023B005D71A12915380D /* Pods-MindMarathon.release.xcconfig */,
			);
			path = Pods;
			sourceTree = "<group>";
		};
		D80A6FA02B87D1F6007B030B /* Fonts */ = {
			isa = PBXGroup;
			children = (
				D86EADC42AE549B400FB19B6 /* SF-Pro-Text-Bold.otf */,
				D86EADC12AE549B400FB19B6 /* SF-Pro-Text-BoldItalic.otf */,
				D86EADBE2AE549B300FB19B6 /* SF-Pro-Text-Heavy.otf */,
				D86EADC22AE549B400FB19B6 /* SF-Pro-Text-HeavyItalic.otf */,
				D86EADBF2AE549B400FB19B6 /* SF-Pro-Text-Light.otf */,
				D86EADC02AE549B400FB19B6 /* SF-Pro-Text-LightItalic.otf */,
				D86EADC32AE549B400FB19B6 /* SF-Pro-Text-Medium.otf */,
				D86EADC72AE549B400FB19B6 /* SF-Pro-Text-MediumItalic.otf */,
				D86EADC82AE549B400FB19B6 /* SF-Pro-Text-Regular.otf */,
				D86EADC92AE549B400FB19B6 /* SF-Pro-Text-RegularItalic.otf */,
				D86EADC52AE549B400FB19B6 /* SF-Pro-Text-Semibold.otf */,
				D86EADC62AE549B400FB19B6 /* SF-Pro-Text-SemiboldItalic.otf */,
			);
			path = Fonts;
			sourceTree = "<group>";
		};
		D81126352B906E7300651EAE /* KeyBoardView */ = {
			isa = PBXGroup;
			children = (
				D81126362B906E9300651EAE /* CustomKeyboardView.swift */,
			);
			path = KeyBoardView;
			sourceTree = "<group>";
		};
		D81A44D12B40638F00DC0C49 /* Delegate */ = {
			isa = PBXGroup;
			children = (
				D826CF092A10C69000263CEB /* AppDelegate.swift */,
				D826CF0B2A10C69000263CEB /* SceneDelegate.swift */,
			);
			path = Delegate;
			sourceTree = "<group>";
		};
		D81F8DD32AB60F36007A6597 /* Views */ = {
			isa = PBXGroup;
			children = (
			);
			path = Views;
			sourceTree = "<group>";
		};
		D826CEFD2A10C69000263CEB = {
			isa = PBXGroup;
			children = (
				D828F6172B87BC430056FEC4 /* Core */,
				D84BCAA12AC7723A00967444 /* Localizable.strings */,
				D829AC312A6D124900A38F6E /* .swiftlint.yml */,
				D826CF2D2A10F84300263CEB /* Podfile */,
				D826CF082A10C69000263CEB /* MindMarathon */,
				D826CF072A10C69000263CEB /* Products */,
				85A08474662A9AD57EA6C5D7 /* Pods */,
				DF30E2CD7811564FF0B9BAEA /* Frameworks */,
			);
			sourceTree = "<group>";
		};
		D826CF072A10C69000263CEB /* Products */ = {
			isa = PBXGroup;
			children = (
				D826CF062A10C69000263CEB /* MindMarathon.app */,
			);
			name = Products;
			sourceTree = "<group>";
		};
		D826CF082A10C69000263CEB /* MindMarathon */ = {
			isa = PBXGroup;
			children = (
				D8B54D782B45DE8F008F2B46 /* Network */,
				D80FE4242B44A151008292BD /* GoogleService-Info.plist */,
				D829AC362A7D5BB200A38F6E /* Helps */,
				D829AC332A7D527E00A38F6E /* Settings */,
				D83161A12A1CD29300087769 /* Dictionary */,
				D882215F2A12A81800531EED /* Manager */,
				D826CF242A10C7A600263CEB /* Controllers */,
				D826CF2F2A11281300263CEB /* ViewModel */,
				D848359D2A35B768008D2AB4 /* Model */,
				D826CF202A10C71700263CEB /* View */,
				D826CF1D2A10C6B500263CEB /* Extensions */,
				D81A44D12B40638F00DC0C49 /* Delegate */,
				D826CF172A10C69200263CEB /* Info.plist */,
			);
			path = MindMarathon;
			sourceTree = "<group>";
		};
		D826CF1D2A10C6B500263CEB /* Extensions */ = {
			isa = PBXGroup;
			children = (
				D826CF1E2A10C6DA00263CEB /* Extension.swift */,
				D86EADD62AE54D4100FB19B6 /* FontsExtension.swift */,
			);
			path = Extensions;
			sourceTree = "<group>";
		};
		D826CF202A10C71700263CEB /* View */ = {
			isa = PBXGroup;
			children = (
				D898EFB12B73970400D10EA0 /* ChangeImageView */,
				D8BB7B692B684B190034151C /* PreviewView */,
				D844C5922B63FE67007F397A /* ChangeCountryView */,
				D8662DB52B59814A00B54B06 /* CountryDropButton */,
				D866027F2B4C3C03001A913D /* CreateUserNameView */,
				D84E51272B03A31E00CBA32F /* TableViews */,
				D8C11F2C2B0360A800EA28D6 /* CollectionViews */,
				D81F8DD32AB60F36007A6597 /* Views */,
				D826CF322A1157B900263CEB /* AlertView */,
				D826CF232A10C73B00263CEB /* Cells */,
				D826CF212A10C71F00263CEB /* Storyboards */,
			);
			path = View;
			sourceTree = "<group>";
		};
		D826CF212A10C71F00263CEB /* Storyboards */ = {
			isa = PBXGroup;
			children = (
				D826CF142A10C69200263CEB /* LaunchScreen.storyboard */,
			);
			path = Storyboards;
			sourceTree = "<group>";
		};
		D826CF232A10C73B00263CEB /* Cells */ = {
			isa = PBXGroup;
			children = (
				D84835A02A35BA01008D2AB4 /* GameTableViewCell.swift */,
				D84835A12A35BA01008D2AB4 /* GameTableViewCell.xib */,
				D8D7883F2A3F57A50013FECC /* ListGameCollectionViewCell.swift */,
				D86EA8552AD0786C00B8D961 /* ListGameCollectionViewCell.xib */,
				D8C11F302B03613A00EA28D6 /* StatisticsCollectionViewCell.swift */,
			);
			path = Cells;
			sourceTree = "<group>";
		};
		D826CF242A10C7A600263CEB /* Controllers */ = {
			isa = PBXGroup;
			children = (
				D86602742B49B721001A913D /* RatingVC */,
				D8C11F292B033DB500EA28D6 /* ProfileVC */,
				D8C11F262B0299F700EA28D6 /* SettingsVC */,
				D8E3211F2B028E1E00674541 /* CustomTabBar */,
				D8E321132B00A58400674541 /* Menu */,
				D8E3211E2B00A79E00674541 /* WhiteBoardVC */,
				D8E3211D2B00A79000674541 /* RulesVC */,
				D8E3211C2B00A76C00674541 /* ListGameVC */,
				D8E3211B2B00A74800674541 /* Games */,
			);
			path = Controllers;
			sourceTree = "<group>";
		};
		D826CF2F2A11281300263CEB /* ViewModel */ = {
			isa = PBXGroup;
			children = (
				D81F8DE62ABF1573007A6597 /* NumbersViewModel.swift */,
				D882216E2A162DA700531EED /* SlovusViewModel.swift */,
				D86D0A732A23521A00AB6789 /* FloodFillViewModel.swift */,
				1122D9D32A3BB24200913E01 /* TicTacToeViewModel.swift */,
				D8BB84732A51C46700166091 /* BinarioViewModel.swift */,
				D8967AA42B89D08A0052E9A5 /* BullCowViewModelNew.swift */,
				D85E210C2BAEBA7200949AE7 /* SudokuViewModel.swift */,
			);
			path = ViewModel;
			sourceTree = "<group>";
		};
		D826CF322A1157B900263CEB /* AlertView */ = {
			isa = PBXGroup;
			children = (
				D83161952A1A583400087769 /* UserMistakeView.swift */,
				D83161972A1A584F00087769 /* UserMistakeView.xib */,
			);
			path = AlertView;
			sourceTree = "<group>";
		};
		D828F6172B87BC430056FEC4 /* Core */ = {
			isa = PBXGroup;
			children = (
				D8B6C9E72BA58BFF0075B48F /* Sounds */,
				D828F61A2B87BD040056FEC4 /* UIKit */,
				D828F6182B87BCFB0056FEC4 /* swiftgen.yml */,
			);
			path = Core;
			sourceTree = "<group>";
		};
		D828F61A2B87BD040056FEC4 /* UIKit */ = {
			isa = PBXGroup;
			children = (
				D828F61C2B87BD1F0056FEC4 /* Generated */,
				D828F61B2B87BD130056FEC4 /* Resources */,
			);
			path = UIKit;
			sourceTree = "<group>";
		};
		D828F61B2B87BD130056FEC4 /* Resources */ = {
			isa = PBXGroup;
			children = (
				D80A6FA02B87D1F6007B030B /* Fonts */,
				D828F61D2B87BD420056FEC4 /* Assets.xcassets */,
			);
			path = Resources;
			sourceTree = "<group>";
		};
		D828F61C2B87BD1F0056FEC4 /* Generated */ = {
			isa = PBXGroup;
			children = (
				D80A6FA12B87D404007B030B /* Fonts.generated.swift */,
				D828F61F2B87BEA10056FEC4 /* AssetConstants.generated.swift */,
			);
			path = Generated;
			sourceTree = "<group>";
		};
		D829AC332A7D527E00A38F6E /* Settings */ = {
			isa = PBXGroup;
			children = (
				D884F7422A8CE26000271263 /* GameSettings.swift */,
				D829AC342A7D52B000A38F6E /* Backgroungs.swift */,
			);
			path = Settings;
			sourceTree = "<group>";
		};
		D829AC362A7D5BB200A38F6E /* Helps */ = {
			isa = PBXGroup;
			children = (
				D884F7502A9E3E1700271263 /* GameRules.swift */,
				D8F1C5492AE83D6E00CF365B /* FontAdaptation.swift */,
				D8662DB92B59820B00B54B06 /* CountryManager.swift */,
			);
			path = Helps;
			sourceTree = "<group>";
		};
		D83161A12A1CD29300087769 /* Dictionary */ = {
			isa = PBXGroup;
			children = (
				D831619A2A1B5A4600087769 /* ru_RU */,
				D86D0A782A28A62800AB6789 /* singular */,
			);
			path = Dictionary;
			sourceTree = "<group>";
		};
		D844C5922B63FE67007F397A /* ChangeCountryView */ = {
			isa = PBXGroup;
			children = (
				D844C5932B63FE87007F397A /* ChangeCountryView.swift */,
			);
			path = ChangeCountryView;
			sourceTree = "<group>";
		};
		D848359D2A35B768008D2AB4 /* Model */ = {
			isa = PBXGroup;
			children = (
				D848359E2A35B78F008D2AB4 /* WhiteBoardModel.swift */,
				D8D7884C2A4B49E80013FECC /* BullCowModel.swift */,
				D829AC392A86747000A38F6E /* GamesModels.swift */,
				D84E51252B03645600CBA32F /* StatisticsModel.swift */,
				D8B108C12B03AFA700CD09A1 /* TasksModel.swift */,
				D84509272B03D6F900C3C2E7 /* UserStatisticsModel.swift */,
				D866027D2B4B2F72001A913D /* ProfileModel.swift */,
			);
			path = Model;
			sourceTree = "<group>";
		};
		D84E51272B03A31E00CBA32F /* TableViews */ = {
			isa = PBXGroup;
			children = (
				D8B108BE2B03AAE700CD09A1 /* cell */,
				D8B108BC2B03AA9C00CD09A1 /* TaskTableView.swift */,
			);
			path = TableViews;
			sourceTree = "<group>";
		};
		D85E21092BAEB32000949AE7 /* SudokuGame */ = {
			isa = PBXGroup;
			children = (
				D85E210A2BAEB33700949AE7 /* SudokuViewGame.swift */,
				D85E210E2BAECC4C00949AE7 /* FieldSudokuViewGame.swift */,
			);
			path = SudokuGame;
			sourceTree = "<group>";
		};
		D86602742B49B721001A913D /* RatingVC */ = {
			isa = PBXGroup;
			children = (
				D86602772B49C408001A913D /* RatingTableView */,
				D86602752B49B752001A913D /* RatingViewController.swift */,
			);
			path = RatingVC;
			sourceTree = "<group>";
		};
		D86602772B49C408001A913D /* RatingTableView */ = {
			isa = PBXGroup;
			children = (
				D86602782B49C41D001A913D /* RatingTableViewCell */,
				D86602792B49C43D001A913D /* RatingTableView.swift */,
			);
			path = RatingTableView;
			sourceTree = "<group>";
		};
		D86602782B49C41D001A913D /* RatingTableViewCell */ = {
			isa = PBXGroup;
			children = (
				D866027B2B49C49C001A913D /* RatingTableViewCell.swift */,
			);
			path = RatingTableViewCell;
			sourceTree = "<group>";
		};
		D866027F2B4C3C03001A913D /* CreateUserNameView */ = {
			isa = PBXGroup;
			children = (
				D86602802B4C3C43001A913D /* EditUserView.swift */,
				D8662DBB2B625F1300B54B06 /* EditUserDataView.swift */,
			);
			path = CreateUserNameView;
			sourceTree = "<group>";
		};
		D8662DB52B59814A00B54B06 /* CountryDropButton */ = {
			isa = PBXGroup;
			children = (
				D8662DB62B59816F00B54B06 /* CountryDropButton.swift */,
			);
			path = CountryDropButton;
			sourceTree = "<group>";
		};
		D882215F2A12A81800531EED /* Manager */ = {
			isa = PBXGroup;
			children = (
				D88221602A12A83800531EED /* TimeManager.swift */,
				D84835AC2A35CD5C008D2AB4 /* RealmManager.swift */,
				D81F8DCF2AB4CCFD007A6597 /* FontsManager.swift */,
				D81F8DD12AB4CE79007A6597 /* IconsManager.swift */,
				D845092C2B07C24900C3C2E7 /* UserDefaultsManager.swift */,
				D8E807242B088F2D00D69D67 /* CheckTaskManager.swift */,
			);
			path = Manager;
			sourceTree = "<group>";
		};
		D898EFB12B73970400D10EA0 /* ChangeImageView */ = {
			isa = PBXGroup;
			children = (
				D898EFB22B73971800D10EA0 /* ChangeImageView.swift */,
			);
			path = ChangeImageView;
			sourceTree = "<group>";
		};
		D8B108BE2B03AAE700CD09A1 /* cell */ = {
			isa = PBXGroup;
			children = (
				D8B108BF2B03AB0800CD09A1 /* TaskTableViewCell.swift */,
			);
			path = cell;
			sourceTree = "<group>";
		};
		D8B54D782B45DE8F008F2B46 /* Network */ = {
			isa = PBXGroup;
			children = (
				D8B54D792B45DEA6008F2B46 /* FirebaseData.swift */,
			);
			path = Network;
			sourceTree = "<group>";
		};
		D8B6C9E72BA58BFF0075B48F /* Sounds */ = {
			isa = PBXGroup;
			children = (
				D8B6C9E82BA58C100075B48F /* BullCow */,
			);
			path = Sounds;
			sourceTree = "<group>";
		};
		D8B6C9E82BA58C100075B48F /* BullCow */ = {
			isa = PBXGroup;
			children = (
				D8B6C9E92BA58CC30075B48F /* tapDown.mp3 */,
				D8B6C9EA2BA58CC30075B48F /* tapUp.mp3 */,
			);
			path = BullCow;
			sourceTree = "<group>";
		};
		D8BB7B692B684B190034151C /* PreviewView */ = {
			isa = PBXGroup;
			children = (
				D8BB7B6A2B684BEE0034151C /* Preview.swift */,
			);
			path = PreviewView;
			sourceTree = "<group>";
		};
		D8C11F262B0299F700EA28D6 /* SettingsVC */ = {
			isa = PBXGroup;
			children = (
				D8C11F272B029A1C00EA28D6 /* SettingsViewController.swift */,
			);
			path = SettingsVC;
			sourceTree = "<group>";
		};
		D8C11F292B033DB500EA28D6 /* ProfileVC */ = {
			isa = PBXGroup;
			children = (
				D8C11F2A2B033DD000EA28D6 /* ProfileViewController.swift */,
			);
			path = ProfileVC;
			sourceTree = "<group>";
		};
		D8C11F2C2B0360A800EA28D6 /* CollectionViews */ = {
			isa = PBXGroup;
			children = (
				D8C11F2D2B0360B800EA28D6 /* StatisticsCollectionView */,
			);
			path = CollectionViews;
			sourceTree = "<group>";
		};
		D8C11F2D2B0360B800EA28D6 /* StatisticsCollectionView */ = {
			isa = PBXGroup;
			children = (
				D8C11F2E2B0360DE00EA28D6 /* StatiscticsCollectionView.swift */,
			);
			path = StatisticsCollectionView;
			sourceTree = "<group>";
		};
		D8E321112B00A0AF00674541 /* NumberGame */ = {
			isa = PBXGroup;
			children = (
				D89E15B02B9F6F2C003BE345 /* NumbersGameView.swift */,
				D89E15B22B9F7065003BE345 /* TopViewNumbersGameView.swift */,
				D89E15B42B9F70AF003BE345 /* GameControlNumbersGameView.swift */,
				D852AC282BA06B3200F0A552 /* FieldNumbersGameView.swift */,
			);
			path = NumberGame;
			sourceTree = "<group>";
		};
		D8E321132B00A58400674541 /* Menu */ = {
			isa = PBXGroup;
			children = (
				D826CF252A10C7DA00263CEB /* MenuViewController.swift */,
			);
			path = Menu;
			sourceTree = "<group>";
		};
		D8E321142B00A59D00674541 /* FloodFillGame */ = {
			isa = PBXGroup;
			children = (
				D84888FB2B9C45C800C07F04 /* FloodFillGameView.swift */,
				D84888FD2B9C48B100C07F04 /* TopViewFloodFillGameView.swift */,
				D84888FF2B9C48DF00C07F04 /* GameControlFloodFillGameView.swift */,
				D84889012B9C4F9F00C07F04 /* FloodFillFields.swift */,
			);
			path = FloodFillGame;
			sourceTree = "<group>";
		};
		D8E321152B00A5FE00674541 /* BinarioGame */ = {
			isa = PBXGroup;
			children = (
				D878C9362B9DFC3A003D15B4 /* BinarioGameView.swift */,
				D878C9382B9DFDD6003D15B4 /* TopViewBinarioGameView.swift */,
				D878C93B2B9DFDF4003D15B4 /* GameControlBinarioGameView.swift */,
				D878C93D2B9E2F21003D15B4 /* FieldBinarioGameView.swift */,
				D878C9402B9E3C62003D15B4 /* ButtonsCheckClearBinarioGameView.swift */,
			);
			path = BinarioGame;
			sourceTree = "<group>";
		};
		D8E321162B00A60C00674541 /* BullCowGame */ = {
			isa = PBXGroup;
			children = (
				D88CD68E2B888DB2009171C9 /* BullCowGameView.swift */,
				D80A6FA42B87D88F007B030B /* SteperView.swift */,
				D80A6FA62B87DC29007B030B /* GameControlBullCowView.swift */,
				D80A6FA82B87DDF7007B030B /* KeyboardBullCowView.swift */,
				D88CD6902B8892CD009171C9 /* GuesHistoryStepsBullCowView.swift */,
			);
			path = BullCowGame;
			sourceTree = "<group>";
		};
		D8E321182B00A6F600674541 /* SlovusGame */ = {
			isa = PBXGroup;
			children = (
				D81126382B9081C500651EAE /* SlovusGameView.swift */,
				D8716B1C2B90C25000097B0A /* TopViewSlovusGameView.swift */,
				D8716B1E2B90C27300097B0A /* GameControlSlovusGameView.swift */,
				D81126352B906E7300651EAE /* KeyBoardView */,
			);
			path = SlovusGame;
			sourceTree = "<group>";
		};
		D8E321192B00A71D00674541 /* TicTacToeGame */ = {
			isa = PBXGroup;
			children = (
				D8F787FE2B99F9B200C3AD9E /* TicTacToeViewGame.swift */,
				D8F788002B99FC8100C3AD9E /* TopViewTicTacToeGameView.swift */,
				D8F788032B99FD8000C3AD9E /* GameControlTicTacToeGameView.swift */,
				D8F788052B9A482E00C3AD9E /* TicTacToeGameFieldsView.swift */,
			);
			path = TicTacToeGame;
			sourceTree = "<group>";
		};
		D8E3211B2B00A74800674541 /* Games */ = {
			isa = PBXGroup;
			children = (
				D85E21092BAEB32000949AE7 /* SudokuGame */,
				D8E321162B00A60C00674541 /* BullCowGame */,
				D8E321182B00A6F600674541 /* SlovusGame */,
				D8E321192B00A71D00674541 /* TicTacToeGame */,
				D8E321142B00A59D00674541 /* FloodFillGame */,
				D8E321152B00A5FE00674541 /* BinarioGame */,
				D8E321112B00A0AF00674541 /* NumberGame */,
			);
			path = Games;
			sourceTree = "<group>";
		};
		D8E3211C2B00A76C00674541 /* ListGameVC */ = {
			isa = PBXGroup;
			children = (
				D88221662A16042B00531EED /* ListGamesViewController.swift */,
			);
			path = ListGameVC;
			sourceTree = "<group>";
		};
		D8E3211D2B00A79000674541 /* RulesVC */ = {
			isa = PBXGroup;
			children = (
				D8C167AB2A1DF19D00FC887D /* CurrentRulesViewController.swift */,
				D8E807282B11EAEB00D69D67 /* RulesViewController.swift */,
				D8E8072A2B12286100D69D67 /* DropToDownButton.swift */,
			);
			path = RulesVC;
			sourceTree = "<group>";
		};
		D8E3211E2B00A79E00674541 /* WhiteBoardVC */ = {
			isa = PBXGroup;
			children = (
				D84835992A35B542008D2AB4 /* WhiteboardViewController.swift */,
			);
			path = WhiteBoardVC;
			sourceTree = "<group>";
		};
		D8E3211F2B028E1E00674541 /* CustomTabBar */ = {
			isa = PBXGroup;
			children = (
				D8E321202B028EBC00674541 /* CustomTabBarController.swift */,
			);
			path = CustomTabBar;
			sourceTree = "<group>";
		};
		DF30E2CD7811564FF0B9BAEA /* Frameworks */ = {
			isa = PBXGroup;
			children = (
				96A5753E36701F64F9FFCB37 /* Pods_MindMarathon.framework */,
			);
			name = Frameworks;
			sourceTree = "<group>";
		};
/* End PBXGroup section */

/* Begin PBXNativeTarget section */
		D826CF052A10C69000263CEB /* MindMarathon */ = {
			isa = PBXNativeTarget;
			buildConfigurationList = D826CF1A2A10C69200263CEB /* Build configuration list for PBXNativeTarget "MindMarathon" */;
			buildPhases = (
				1FAEBA69FDA71D06187A85B6 /* [CP] Check Pods Manifest.lock */,
				D826CF022A10C69000263CEB /* Sources */,
				D826CF032A10C69000263CEB /* Frameworks */,
				D826CF042A10C69000263CEB /* Resources */,
				D829AC302A6D0BBF00A38F6E /* ShellScript */,
				74AE67341112040E8817F22A /* [CP] Embed Pods Frameworks */,
			);
			buildRules = (
			);
			dependencies = (
			);
			name = MindMarathon;
			packageProductDependencies = (
				D84835A52A35C88E008D2AB4 /* Realm */,
				D84835A72A35C88E008D2AB4 /* RealmSwift */,
				D80FE41F2B44A007008292BD /* Realm */,
				D80FE4212B44A007008292BD /* RealmSwift */,
				D8D611582B45D9D800962A52 /* Realm */,
				D8D6115A2B45D9D800962A52 /* RealmSwift */,
			);
			productName = MindMarathon;
			productReference = D826CF062A10C69000263CEB /* MindMarathon.app */;
			productType = "com.apple.product-type.application";
		};
/* End PBXNativeTarget section */

/* Begin PBXProject section */
		D826CEFE2A10C69000263CEB /* Project object */ = {
			isa = PBXProject;
			attributes = {
				BuildIndependentTargetsInParallel = 1;
				LastSwiftUpdateCheck = 1430;
				LastUpgradeCheck = 1430;
				TargetAttributes = {
					D826CF052A10C69000263CEB = {
						CreatedOnToolsVersion = 14.3;
					};
				};
			};
			buildConfigurationList = D826CF012A10C69000263CEB /* Build configuration list for PBXProject "MindMarathon" */;
			compatibilityVersion = "Xcode 13.0";
			developmentRegion = en;
			hasScannedForEncodings = 0;
			knownRegions = (
				en,
				Base,
				ru,
			);
			mainGroup = D826CEFD2A10C69000263CEB;
			packageReferences = (
				D84835A42A35C88E008D2AB4 /* XCRemoteSwiftPackageReference "realm-swift" */,
			);
			productRefGroup = D826CF072A10C69000263CEB /* Products */;
			projectDirPath = "";
			projectRoot = "";
			targets = (
				D826CF052A10C69000263CEB /* MindMarathon */,
			);
		};
/* End PBXProject section */

/* Begin PBXResourcesBuildPhase section */
		D826CF042A10C69000263CEB /* Resources */ = {
			isa = PBXResourcesBuildPhase;
			buildActionMask = 2147483647;
			files = (
				D86EADD02AE549B400FB19B6 /* SF-Pro-Text-Bold.otf in Resources */,
				D86EADCA2AE549B400FB19B6 /* SF-Pro-Text-Heavy.otf in Resources */,
				D86EA8562AD0786C00B8D961 /* ListGameCollectionViewCell.xib in Resources */,
				D829AC322A6D124900A38F6E /* .swiftlint.yml in Resources */,
				D8B6C9EB2BA58CC30075B48F /* tapDown.mp3 in Resources */,
				D86EADD22AE549B400FB19B6 /* SF-Pro-Text-SemiboldItalic.otf in Resources */,
				D84BCA9F2AC7723A00967444 /* Localizable.strings in Resources */,
				D83161982A1A584F00087769 /* UserMistakeView.xib in Resources */,
				D826CF2E2A10F84300263CEB /* Podfile in Resources */,
				D86EADD52AE549B400FB19B6 /* SF-Pro-Text-RegularItalic.otf in Resources */,
				D86EADCF2AE549B400FB19B6 /* SF-Pro-Text-Medium.otf in Resources */,
				D826CF162A10C69200263CEB /* LaunchScreen.storyboard in Resources */,
				D828F6192B87BCFB0056FEC4 /* swiftgen.yml in Resources */,
				D86EADD42AE549B400FB19B6 /* SF-Pro-Text-Regular.otf in Resources */,
				D86D0A792A28A62800AB6789 /* singular in Resources */,
				D86EADD12AE549B400FB19B6 /* SF-Pro-Text-Semibold.otf in Resources */,
				D86EADCC2AE549B400FB19B6 /* SF-Pro-Text-LightItalic.otf in Resources */,
				D831619B2A1B5A4600087769 /* ru_RU in Resources */,
				D84835A32A35BA01008D2AB4 /* GameTableViewCell.xib in Resources */,
				D86EADCB2AE549B400FB19B6 /* SF-Pro-Text-Light.otf in Resources */,
				D86EADD32AE549B400FB19B6 /* SF-Pro-Text-MediumItalic.otf in Resources */,
				D8B6C9EC2BA58CC30075B48F /* tapUp.mp3 in Resources */,
				D80FE4252B44A151008292BD /* GoogleService-Info.plist in Resources */,
				D86EADCD2AE549B400FB19B6 /* SF-Pro-Text-BoldItalic.otf in Resources */,
				D86EADCE2AE549B400FB19B6 /* SF-Pro-Text-HeavyItalic.otf in Resources */,
				D828F61E2B87BD420056FEC4 /* Assets.xcassets in Resources */,
			);
			runOnlyForDeploymentPostprocessing = 0;
		};
/* End PBXResourcesBuildPhase section */

/* Begin PBXShellScriptBuildPhase section */
		1FAEBA69FDA71D06187A85B6 /* [CP] Check Pods Manifest.lock */ = {
			isa = PBXShellScriptBuildPhase;
			buildActionMask = 2147483647;
			files = (
			);
			inputFileListPaths = (
			);
			inputPaths = (
				"${PODS_PODFILE_DIR_PATH}/Podfile.lock",
				"${PODS_ROOT}/Manifest.lock",
			);
			name = "[CP] Check Pods Manifest.lock";
			outputFileListPaths = (
			);
			outputPaths = (
				"$(DERIVED_FILE_DIR)/Pods-MindMarathon-checkManifestLockResult.txt",
			);
			runOnlyForDeploymentPostprocessing = 0;
			shellPath = /bin/sh;
			shellScript = "diff \"${PODS_PODFILE_DIR_PATH}/Podfile.lock\" \"${PODS_ROOT}/Manifest.lock\" > /dev/null\nif [ $? != 0 ] ; then\n    # print error to STDERR\n    echo \"error: The sandbox is not in sync with the Podfile.lock. Run 'pod install' or update your CocoaPods installation.\" >&2\n    exit 1\nfi\n# This output is used by Xcode 'outputs' to avoid re-running this script phase.\necho \"SUCCESS\" > \"${SCRIPT_OUTPUT_FILE_0}\"\n";
			showEnvVarsInLog = 0;
		};
		74AE67341112040E8817F22A /* [CP] Embed Pods Frameworks */ = {
			isa = PBXShellScriptBuildPhase;
			buildActionMask = 2147483647;
			files = (
			);
			inputFileListPaths = (
				"${PODS_ROOT}/Target Support Files/Pods-MindMarathon/Pods-MindMarathon-frameworks-${CONFIGURATION}-input-files.xcfilelist",
			);
			name = "[CP] Embed Pods Frameworks";
			outputFileListPaths = (
				"${PODS_ROOT}/Target Support Files/Pods-MindMarathon/Pods-MindMarathon-frameworks-${CONFIGURATION}-output-files.xcfilelist",
			);
			runOnlyForDeploymentPostprocessing = 0;
			shellPath = /bin/sh;
			shellScript = "\"${PODS_ROOT}/Target Support Files/Pods-MindMarathon/Pods-MindMarathon-frameworks.sh\"\n";
			showEnvVarsInLog = 0;
		};
		D829AC302A6D0BBF00A38F6E /* ShellScript */ = {
			isa = PBXShellScriptBuildPhase;
			alwaysOutOfDate = 1;
			buildActionMask = 2147483647;
			files = (
			);
			inputFileListPaths = (
			);
			inputPaths = (
			);
			outputFileListPaths = (
			);
			outputPaths = (
			);
			runOnlyForDeploymentPostprocessing = 0;
			shellPath = /bin/sh;
			shellScript = "if [[ \"$(uname -m)\" == arm64 ]]; then\n    export PATH=\"/opt/homebrew/bin:$PATH\"\nfi\n\nif which swiftlint > /dev/null; then\n  swiftlint\nelse\n  echo \"warning: SwiftLint not installed, download from https://github.com/realm/SwiftLint\"\nfi\n";
		};
/* End PBXShellScriptBuildPhase section */

/* Begin PBXSourcesBuildPhase section */
		D826CF022A10C69000263CEB /* Sources */ = {
			isa = PBXSourcesBuildPhase;
			buildActionMask = 2147483647;
			files = (
				D8D7884D2A4B49E80013FECC /* BullCowModel.swift in Sources */,
				D88221682A16042B00531EED /* ListGamesViewController.swift in Sources */,
				D8716B1D2B90C25000097B0A /* TopViewSlovusGameView.swift in Sources */,
				D878C93C2B9DFDF4003D15B4 /* GameControlBinarioGameView.swift in Sources */,
				D85E210B2BAEB33700949AE7 /* SudokuViewGame.swift in Sources */,
				D8C11F282B029A1C00EA28D6 /* SettingsViewController.swift in Sources */,
				D826CF272A10C7DA00263CEB /* MenuViewController.swift in Sources */,
				D8B108BD2B03AA9C00CD09A1 /* TaskTableView.swift in Sources */,
				D852AC292BA06B3200F0A552 /* FieldNumbersGameView.swift in Sources */,
				D826CF0A2A10C69000263CEB /* AppDelegate.swift in Sources */,
				D80A6FA72B87DC29007B030B /* GameControlBullCowView.swift in Sources */,
				D8F788042B99FD8000C3AD9E /* GameControlTicTacToeGameView.swift in Sources */,
				D84888FC2B9C45C800C07F04 /* FloodFillGameView.swift in Sources */,
				D884F7432A8CE26000271263 /* GameSettings.swift in Sources */,
				D826CF0C2A10C69000263CEB /* SceneDelegate.swift in Sources */,
				D86EADD72AE54D4100FB19B6 /* FontsExtension.swift in Sources */,
				D878C9392B9DFDD6003D15B4 /* TopViewBinarioGameView.swift in Sources */,
				D866027C2B49C49C001A913D /* RatingTableViewCell.swift in Sources */,
				D83161962A1A583400087769 /* UserMistakeView.swift in Sources */,
				D866027A2B49C43D001A913D /* RatingTableView.swift in Sources */,
				D84889022B9C4F9F00C07F04 /* FloodFillFields.swift in Sources */,
				D80A6FA22B87D404007B030B /* Fonts.generated.swift in Sources */,
				D81126392B9081C500651EAE /* SlovusGameView.swift in Sources */,
				D844C5942B63FE87007F397A /* ChangeCountryView.swift in Sources */,
				D8662DB72B59816F00B54B06 /* CountryDropButton.swift in Sources */,
				D8E8072B2B12286100D69D67 /* DropToDownButton.swift in Sources */,
				D848359F2A35B78F008D2AB4 /* WhiteBoardModel.swift in Sources */,
				D80A6FA52B87D88F007B030B /* SteperView.swift in Sources */,
				D8B54D7A2B45DEA6008F2B46 /* FirebaseData.swift in Sources */,
				D84889002B9C48DF00C07F04 /* GameControlFloodFillGameView.swift in Sources */,
				D88CD6912B8892CD009171C9 /* GuesHistoryStepsBullCowView.swift in Sources */,
				D81F8DE72ABF1573007A6597 /* NumbersViewModel.swift in Sources */,
				D84509282B03D6F900C3C2E7 /* UserStatisticsModel.swift in Sources */,
				D89E15B52B9F70AF003BE345 /* GameControlNumbersGameView.swift in Sources */,
				D8F788062B9A482E00C3AD9E /* TicTacToeGameFieldsView.swift in Sources */,
				D88221612A12A83800531EED /* TimeManager.swift in Sources */,
				D81F8DD02AB4CCFD007A6597 /* FontsManager.swift in Sources */,
				D84E51262B03645600CBA32F /* StatisticsModel.swift in Sources */,
				D8F788012B99FC8100C3AD9E /* TopViewTicTacToeGameView.swift in Sources */,
				D85E210D2BAEBA7200949AE7 /* SudokuViewModel.swift in Sources */,
				D8BB7B6B2B684BEE0034151C /* Preview.swift in Sources */,
				D878C93E2B9E2F21003D15B4 /* FieldBinarioGameView.swift in Sources */,
				D84835A22A35BA01008D2AB4 /* GameTableViewCell.swift in Sources */,
				D8662DBC2B625F1300B54B06 /* EditUserDataView.swift in Sources */,
				D8BB84742A51C46700166091 /* BinarioViewModel.swift in Sources */,
				D884F7512A9E3E1700271263 /* GameRules.swift in Sources */,
				D8967AA52B89D08A0052E9A5 /* BullCowViewModelNew.swift in Sources */,
				D878C9372B9DFC3A003D15B4 /* BinarioGameView.swift in Sources */,
				D8E807292B11EAEB00D69D67 /* RulesViewController.swift in Sources */,
				D86D0A742A23521A00AB6789 /* FloodFillViewModel.swift in Sources */,
				1122D9D42A3BB24200913E01 /* TicTacToeViewModel.swift in Sources */,
				D8B108C22B03AFA700CD09A1 /* TasksModel.swift in Sources */,
				D81F8DD22AB4CE79007A6597 /* IconsManager.swift in Sources */,
				D84888FE2B9C48B100C07F04 /* TopViewFloodFillGameView.swift in Sources */,
				D8C167AD2A1DF19D00FC887D /* CurrentRulesViewController.swift in Sources */,
				D8C11F312B03613A00EA28D6 /* StatisticsCollectionViewCell.swift in Sources */,
				D866027E2B4B2F72001A913D /* ProfileModel.swift in Sources */,
				D86602682B45F93B001A913D /* ProfileViewController.swift in Sources */,
				D8F787FF2B99F9B200C3AD9E /* TicTacToeViewGame.swift in Sources */,
				D882216F2A162DA700531EED /* SlovusViewModel.swift in Sources */,
				D8662DBA2B59820C00B54B06 /* CountryManager.swift in Sources */,
				D845092D2B07C24900C3C2E7 /* UserDefaultsManager.swift in Sources */,
				D8E807252B088F2D00D69D67 /* CheckTaskManager.swift in Sources */,
				D89E15B32B9F7065003BE345 /* TopViewNumbersGameView.swift in Sources */,
				D89E15B12B9F6F2C003BE345 /* NumbersGameView.swift in Sources */,
				D878C9412B9E3C62003D15B4 /* ButtonsCheckClearBinarioGameView.swift in Sources */,
				D829AC352A7D52B000A38F6E /* Backgroungs.swift in Sources */,
				D826CF1F2A10C6DA00263CEB /* Extension.swift in Sources */,
				D8F1C54A2AE83D6E00CF365B /* FontAdaptation.swift in Sources */,
				D898EFB32B73971800D10EA0 /* ChangeImageView.swift in Sources */,
				D8B108C02B03AB0800CD09A1 /* TaskTableViewCell.swift in Sources */,
				D85E210F2BAECC4C00949AE7 /* FieldSudokuViewGame.swift in Sources */,
				D848359B2A35B542008D2AB4 /* WhiteboardViewController.swift in Sources */,
				D84835AD2A35CD5C008D2AB4 /* RealmManager.swift in Sources */,
				D8C11F2F2B0360DE00EA28D6 /* StatiscticsCollectionView.swift in Sources */,
				D829AC3A2A86747000A38F6E /* GamesModels.swift in Sources */,
				D86602762B49B752001A913D /* RatingViewController.swift in Sources */,
				D8D788412A3F57A50013FECC /* ListGameCollectionViewCell.swift in Sources */,
				D8E321212B028EBC00674541 /* CustomTabBarController.swift in Sources */,
				D828F6202B87BEA10056FEC4 /* AssetConstants.generated.swift in Sources */,
				D81126372B906E9300651EAE /* CustomKeyboardView.swift in Sources */,
				D8716B1F2B90C27300097B0A /* GameControlSlovusGameView.swift in Sources */,
				D86602812B4C3C43001A913D /* EditUserView.swift in Sources */,
				D80A6FA92B87DDF7007B030B /* KeyboardBullCowView.swift in Sources */,
				D88CD68F2B888DB2009171C9 /* BullCowGameView.swift in Sources */,
			);
			runOnlyForDeploymentPostprocessing = 0;
		};
/* End PBXSourcesBuildPhase section */

/* Begin PBXVariantGroup section */
		D826CF142A10C69200263CEB /* LaunchScreen.storyboard */ = {
			isa = PBXVariantGroup;
			children = (
				D826CF152A10C69200263CEB /* Base */,
				D84BCAA22AC772E600967444 /* ru */,
			);
			name = LaunchScreen.storyboard;
			sourceTree = "<group>";
		};
		D84BCAA12AC7723A00967444 /* Localizable.strings */ = {
			isa = PBXVariantGroup;
			children = (
				D84BCAA32AC772E600967444 /* ru */,
				D84BCAA42AC7736900967444 /* en */,
			);
			name = Localizable.strings;
			sourceTree = "<group>";
		};
/* End PBXVariantGroup section */

/* Begin XCBuildConfiguration section */
		D826CF182A10C69200263CEB /* Debug */ = {
			isa = XCBuildConfiguration;
			buildSettings = {
				ALWAYS_SEARCH_USER_PATHS = NO;
				CLANG_ANALYZER_LOCALIZABILITY_NONLOCALIZED = YES;
				CLANG_ANALYZER_NONNULL = YES;
				CLANG_ANALYZER_NUMBER_OBJECT_CONVERSION = YES_AGGRESSIVE;
				CLANG_CXX_LANGUAGE_STANDARD = "gnu++20";
				CLANG_ENABLE_MODULES = YES;
				CLANG_ENABLE_OBJC_ARC = YES;
				CLANG_ENABLE_OBJC_WEAK = YES;
				CLANG_WARN_BLOCK_CAPTURE_AUTORELEASING = YES;
				CLANG_WARN_BOOL_CONVERSION = YES;
				CLANG_WARN_COMMA = YES;
				CLANG_WARN_CONSTANT_CONVERSION = YES;
				CLANG_WARN_DEPRECATED_OBJC_IMPLEMENTATIONS = YES;
				CLANG_WARN_DIRECT_OBJC_ISA_USAGE = YES_ERROR;
				CLANG_WARN_DOCUMENTATION_COMMENTS = YES;
				CLANG_WARN_EMPTY_BODY = YES;
				CLANG_WARN_ENUM_CONVERSION = YES;
				CLANG_WARN_INFINITE_RECURSION = YES;
				CLANG_WARN_INT_CONVERSION = YES;
				CLANG_WARN_NON_LITERAL_NULL_CONVERSION = YES;
				CLANG_WARN_OBJC_IMPLICIT_RETAIN_SELF = YES;
				CLANG_WARN_OBJC_LITERAL_CONVERSION = YES;
				CLANG_WARN_OBJC_ROOT_CLASS = YES_ERROR;
				CLANG_WARN_QUOTED_INCLUDE_IN_FRAMEWORK_HEADER = YES;
				CLANG_WARN_RANGE_LOOP_ANALYSIS = YES;
				CLANG_WARN_STRICT_PROTOTYPES = YES;
				CLANG_WARN_SUSPICIOUS_MOVE = YES;
				CLANG_WARN_UNGUARDED_AVAILABILITY = YES_AGGRESSIVE;
				CLANG_WARN_UNREACHABLE_CODE = YES;
				CLANG_WARN__DUPLICATE_METHOD_MATCH = YES;
				COPY_PHASE_STRIP = NO;
				DEBUG_INFORMATION_FORMAT = dwarf;
				ENABLE_STRICT_OBJC_MSGSEND = YES;
				ENABLE_TESTABILITY = YES;
				GCC_C_LANGUAGE_STANDARD = gnu11;
				GCC_DYNAMIC_NO_PIC = NO;
				GCC_NO_COMMON_BLOCKS = YES;
				GCC_OPTIMIZATION_LEVEL = 0;
				GCC_PREPROCESSOR_DEFINITIONS = (
					"DEBUG=1",
					"$(inherited)",
				);
				GCC_WARN_64_TO_32_BIT_CONVERSION = YES;
				GCC_WARN_ABOUT_RETURN_TYPE = YES_ERROR;
				GCC_WARN_UNDECLARED_SELECTOR = YES;
				GCC_WARN_UNINITIALIZED_AUTOS = YES_AGGRESSIVE;
				GCC_WARN_UNUSED_FUNCTION = YES;
				GCC_WARN_UNUSED_VARIABLE = YES;
				IPHONEOS_DEPLOYMENT_TARGET = 15.5;
				MTL_ENABLE_DEBUG_INFO = INCLUDE_SOURCE;
				MTL_FAST_MATH = YES;
				ONLY_ACTIVE_ARCH = YES;
				SDKROOT = iphoneos;
				SWIFT_ACTIVE_COMPILATION_CONDITIONS = DEBUG;
				SWIFT_OPTIMIZATION_LEVEL = "-Onone";
			};
			name = Debug;
		};
		D826CF192A10C69200263CEB /* Release */ = {
			isa = XCBuildConfiguration;
			buildSettings = {
				ALWAYS_SEARCH_USER_PATHS = NO;
				CLANG_ANALYZER_LOCALIZABILITY_NONLOCALIZED = YES;
				CLANG_ANALYZER_NONNULL = YES;
				CLANG_ANALYZER_NUMBER_OBJECT_CONVERSION = YES_AGGRESSIVE;
				CLANG_CXX_LANGUAGE_STANDARD = "gnu++20";
				CLANG_ENABLE_MODULES = YES;
				CLANG_ENABLE_OBJC_ARC = YES;
				CLANG_ENABLE_OBJC_WEAK = YES;
				CLANG_WARN_BLOCK_CAPTURE_AUTORELEASING = YES;
				CLANG_WARN_BOOL_CONVERSION = YES;
				CLANG_WARN_COMMA = YES;
				CLANG_WARN_CONSTANT_CONVERSION = YES;
				CLANG_WARN_DEPRECATED_OBJC_IMPLEMENTATIONS = YES;
				CLANG_WARN_DIRECT_OBJC_ISA_USAGE = YES_ERROR;
				CLANG_WARN_DOCUMENTATION_COMMENTS = YES;
				CLANG_WARN_EMPTY_BODY = YES;
				CLANG_WARN_ENUM_CONVERSION = YES;
				CLANG_WARN_INFINITE_RECURSION = YES;
				CLANG_WARN_INT_CONVERSION = YES;
				CLANG_WARN_NON_LITERAL_NULL_CONVERSION = YES;
				CLANG_WARN_OBJC_IMPLICIT_RETAIN_SELF = YES;
				CLANG_WARN_OBJC_LITERAL_CONVERSION = YES;
				CLANG_WARN_OBJC_ROOT_CLASS = YES_ERROR;
				CLANG_WARN_QUOTED_INCLUDE_IN_FRAMEWORK_HEADER = YES;
				CLANG_WARN_RANGE_LOOP_ANALYSIS = YES;
				CLANG_WARN_STRICT_PROTOTYPES = YES;
				CLANG_WARN_SUSPICIOUS_MOVE = YES;
				CLANG_WARN_UNGUARDED_AVAILABILITY = YES_AGGRESSIVE;
				CLANG_WARN_UNREACHABLE_CODE = YES;
				CLANG_WARN__DUPLICATE_METHOD_MATCH = YES;
				COPY_PHASE_STRIP = NO;
				DEBUG_INFORMATION_FORMAT = dwarf;
				ENABLE_NS_ASSERTIONS = NO;
				ENABLE_STRICT_OBJC_MSGSEND = YES;
				GCC_C_LANGUAGE_STANDARD = gnu11;
				GCC_NO_COMMON_BLOCKS = YES;
				GCC_WARN_64_TO_32_BIT_CONVERSION = YES;
				GCC_WARN_ABOUT_RETURN_TYPE = YES_ERROR;
				GCC_WARN_UNDECLARED_SELECTOR = YES;
				GCC_WARN_UNINITIALIZED_AUTOS = YES_AGGRESSIVE;
				GCC_WARN_UNUSED_FUNCTION = YES;
				GCC_WARN_UNUSED_VARIABLE = YES;
				IPHONEOS_DEPLOYMENT_TARGET = 15.5;
				MTL_ENABLE_DEBUG_INFO = NO;
				MTL_FAST_MATH = YES;
				SDKROOT = iphoneos;
				SWIFT_COMPILATION_MODE = wholemodule;
				SWIFT_OPTIMIZATION_LEVEL = "-O";
				VALIDATE_PRODUCT = YES;
			};
			name = Release;
		};
		D826CF1B2A10C69200263CEB /* Debug */ = {
			isa = XCBuildConfiguration;
			baseConfigurationReference = D798D70845B9EB03F4FB1064 /* Pods-MindMarathon.debug.xcconfig */;
			buildSettings = {
				ASSETCATALOG_COMPILER_APPICON_NAME = AppIcon;
				ASSETCATALOG_COMPILER_GLOBAL_ACCENT_COLOR_NAME = AccentColor;
				CODE_SIGN_IDENTITY = "Apple Development";
				CODE_SIGN_STYLE = Automatic;
				CURRENT_PROJECT_VERSION = 1;
				DEVELOPMENT_TEAM = 285RFT4HL7;
				GENERATE_INFOPLIST_FILE = YES;
				INFOPLIST_FILE = MindMarathon/Info.plist;
				INFOPLIST_KEY_CFBundleDisplayName = MindMarathon;
				INFOPLIST_KEY_LSApplicationCategoryType = "public.app-category.board-games";
				INFOPLIST_KEY_UIApplicationSupportsIndirectInputEvents = YES;
				INFOPLIST_KEY_UILaunchStoryboardName = LaunchScreen;
				INFOPLIST_KEY_UIRequiresFullScreen = YES;
				INFOPLIST_KEY_UIStatusBarStyle = "";
				INFOPLIST_KEY_UISupportedInterfaceOrientations = UIInterfaceOrientationPortrait;
				IPHONEOS_DEPLOYMENT_TARGET = 15.0;
				LD_RUNPATH_SEARCH_PATHS = (
					"$(inherited)",
					"@executable_path/Frameworks",
				);
				MARKETING_VERSION = 2.0;
				PRODUCT_BUNDLE_IDENTIFIER = alexshamrey.MindMarathon;
				PRODUCT_NAME = "$(TARGET_NAME)";
				PROVISIONING_PROFILE_SPECIFIER = "";
				SUPPORTED_PLATFORMS = "iphoneos iphonesimulator";
				SUPPORTS_MACCATALYST = NO;
				SUPPORTS_MAC_DESIGNED_FOR_IPHONE_IPAD = NO;
				SWIFT_EMIT_LOC_STRINGS = YES;
				SWIFT_VERSION = 5.0;
				TARGETED_DEVICE_FAMILY = "1,2";
			};
			name = Debug;
		};
		D826CF1C2A10C69200263CEB /* Release */ = {
			isa = XCBuildConfiguration;
			baseConfigurationReference = F4ED023B005D71A12915380D /* Pods-MindMarathon.release.xcconfig */;
			buildSettings = {
				ASSETCATALOG_COMPILER_APPICON_NAME = AppIcon;
				ASSETCATALOG_COMPILER_GLOBAL_ACCENT_COLOR_NAME = AccentColor;
				CODE_SIGN_IDENTITY = "Apple Development";
				CODE_SIGN_STYLE = Automatic;
				CURRENT_PROJECT_VERSION = 1;
				DEVELOPMENT_TEAM = 285RFT4HL7;
				GENERATE_INFOPLIST_FILE = YES;
				INFOPLIST_FILE = MindMarathon/Info.plist;
				INFOPLIST_KEY_CFBundleDisplayName = MindMarathon;
				INFOPLIST_KEY_LSApplicationCategoryType = "public.app-category.board-games";
				INFOPLIST_KEY_UIApplicationSupportsIndirectInputEvents = YES;
				INFOPLIST_KEY_UILaunchStoryboardName = LaunchScreen;
				INFOPLIST_KEY_UIRequiresFullScreen = YES;
				INFOPLIST_KEY_UIStatusBarStyle = "";
				INFOPLIST_KEY_UISupportedInterfaceOrientations = UIInterfaceOrientationPortrait;
				IPHONEOS_DEPLOYMENT_TARGET = 15.0;
				LD_RUNPATH_SEARCH_PATHS = (
					"$(inherited)",
					"@executable_path/Frameworks",
				);
				MARKETING_VERSION = 2.0;
				PRODUCT_BUNDLE_IDENTIFIER = alexshamrey.MindMarathon;
				PRODUCT_NAME = "$(TARGET_NAME)";
				PROVISIONING_PROFILE_SPECIFIER = "";
				SUPPORTED_PLATFORMS = "iphoneos iphonesimulator";
				SUPPORTS_MACCATALYST = NO;
				SUPPORTS_MAC_DESIGNED_FOR_IPHONE_IPAD = NO;
				SWIFT_EMIT_LOC_STRINGS = YES;
				SWIFT_VERSION = 5.0;
				TARGETED_DEVICE_FAMILY = "1,2";
			};
			name = Release;
		};
/* End XCBuildConfiguration section */

/* Begin XCConfigurationList section */
		D826CF012A10C69000263CEB /* Build configuration list for PBXProject "MindMarathon" */ = {
			isa = XCConfigurationList;
			buildConfigurations = (
				D826CF182A10C69200263CEB /* Debug */,
				D826CF192A10C69200263CEB /* Release */,
			);
			defaultConfigurationIsVisible = 0;
			defaultConfigurationName = Release;
		};
		D826CF1A2A10C69200263CEB /* Build configuration list for PBXNativeTarget "MindMarathon" */ = {
			isa = XCConfigurationList;
			buildConfigurations = (
				D826CF1B2A10C69200263CEB /* Debug */,
				D826CF1C2A10C69200263CEB /* Release */,
			);
			defaultConfigurationIsVisible = 0;
			defaultConfigurationName = Release;
		};
/* End XCConfigurationList section */

/* Begin XCRemoteSwiftPackageReference section */
		D84835A42A35C88E008D2AB4 /* XCRemoteSwiftPackageReference "realm-swift" */ = {
			isa = XCRemoteSwiftPackageReference;
			repositoryURL = "https://github.com/realm/realm-swift.git";
			requirement = {
				branch = master;
				kind = branch;
			};
		};
/* End XCRemoteSwiftPackageReference section */

/* Begin XCSwiftPackageProductDependency section */
		D80FE41F2B44A007008292BD /* Realm */ = {
			isa = XCSwiftPackageProductDependency;
			package = D84835A42A35C88E008D2AB4 /* XCRemoteSwiftPackageReference "realm-swift" */;
			productName = Realm;
		};
		D80FE4212B44A007008292BD /* RealmSwift */ = {
			isa = XCSwiftPackageProductDependency;
			package = D84835A42A35C88E008D2AB4 /* XCRemoteSwiftPackageReference "realm-swift" */;
			productName = RealmSwift;
		};
		D84835A52A35C88E008D2AB4 /* Realm */ = {
			isa = XCSwiftPackageProductDependency;
			package = D84835A42A35C88E008D2AB4 /* XCRemoteSwiftPackageReference "realm-swift" */;
			productName = Realm;
		};
		D84835A72A35C88E008D2AB4 /* RealmSwift */ = {
			isa = XCSwiftPackageProductDependency;
			package = D84835A42A35C88E008D2AB4 /* XCRemoteSwiftPackageReference "realm-swift" */;
			productName = RealmSwift;
		};
		D8D611582B45D9D800962A52 /* Realm */ = {
			isa = XCSwiftPackageProductDependency;
			package = D84835A42A35C88E008D2AB4 /* XCRemoteSwiftPackageReference "realm-swift" */;
			productName = Realm;
		};
		D8D6115A2B45D9D800962A52 /* RealmSwift */ = {
			isa = XCSwiftPackageProductDependency;
			package = D84835A42A35C88E008D2AB4 /* XCRemoteSwiftPackageReference "realm-swift" */;
			productName = RealmSwift;
		};
/* End XCSwiftPackageProductDependency section */
	};
	rootObject = D826CEFE2A10C69000263CEB /* Project object */;
}
