PODS:
  - SnapKit (5.6.0)
  - SwiftGen (6.6.2)
  - SwiftLint (0.51.0)

DEPENDENCIES:
  - SnapKit
  - SwiftGen
  - SwiftLint

SPEC REPOS:
  trunk:
    - SnapKit
    - SwiftGen
    - SwiftLint

SPEC CHECKSUMS:
  SnapKit: e01d52ebb8ddbc333eefe2132acf85c8227d9c25
  SwiftGen: 1366a7f71aeef49954ca5a63ba4bef6b0f24138c
  SwiftLint: 1b7561918a19e23bfed960e40759086e70f4dba5

PODFILE CHECKSUM: e4a8ca7afb16b7f00e26c27e58513a31d2b10b24

COCOAPODS: 1.11.3
